// !$*UTF8*$!
{
	archiveVersion = 1;
	classes = {
	};
	objectVersion = 46;
	objects = {

/* Begin PBXBuildFile section */
		2E6AC4CF1EBB8C580050050D /* AppDelegate.swift in Sources */ = {isa = PBXBuildFile; fileRef = 2E6AC4CE1EBB8C580050050D /* AppDelegate.swift */; };
		2E6AC4D41EBB8C580050050D /* Main.storyboard in Resources */ = {isa = PBXBuildFile; fileRef = 2E6AC4D21EBB8C580050050D /* Main.storyboard */; };
		2E6AC4D61EBB8C580050050D /* Assets.xcassets in Resources */ = {isa = PBXBuildFile; fileRef = 2E6AC4D51EBB8C580050050D /* Assets.xcassets */; };
		2E6AC4D91EBB8C580050050D /* LaunchScreen.storyboard in Resources */ = {isa = PBXBuildFile; fileRef = 2E6AC4D71EBB8C580050050D /* LaunchScreen.storyboard */; };
		2E6AC4E41EBB8C580050050D /* EVA3_4_MULTIVIWER_A_PATIN_2Tests.swift in Sources */ = {isa = PBXBuildFile; fileRef = 2E6AC4E31EBB8C580050050D /* EVA3_4_MULTIVIWER_A_PATIN_2Tests.swift */; };
		2E6AC4EF1EBB8C580050050D /* EVA3_4_MULTIVIWER_A_PATIN_2UITests.swift in Sources */ = {isa = PBXBuildFile; fileRef = 2E6AC4EE1EBB8C580050050D /* EVA3_4_MULTIVIWER_A_PATIN_2UITests.swift */; };
		2E6AC4FD1EBB8D3F0050050D /* SwitchingViewController.swift in Sources */ = {isa = PBXBuildFile; fileRef = 2E6AC4FC1EBB8D3F0050050D /* SwitchingViewController.swift */; };
		2E6AC4FF1EBB8E870050050D /* BlueViewController.swift in Sources */ = {isa = PBXBuildFile; fileRef = 2E6AC4FE1EBB8E870050050D /* BlueViewController.swift */; };
		2E6AC5011EBB8E940050050D /* YellowViewController.swift in Sources */ = {isa = PBXBuildFile; fileRef = 2E6AC5001EBB8E940050050D /* YellowViewController.swift */; };
/* End PBXBuildFile section */

/* Begin PBXContainerItemProxy section */
		2E6AC4E01EBB8C580050050D /* PBXContainerItemProxy */ = {
			isa = PBXContainerItemProxy;
			containerPortal = 2E6AC4C31EBB8C580050050D /* Project object */;
			proxyType = 1;
			remoteGlobalIDString = 2E6AC4CA1EBB8C580050050D;
			remoteInfo = EVA3_4_MULTIVIWER_A_PATIN_2;
		};
		2E6AC4EB1EBB8C580050050D /* PBXContainerItemProxy */ = {
			isa = PBXContainerItemProxy;
			containerPortal = 2E6AC4C31EBB8C580050050D /* Project object */;
			proxyType = 1;
			remoteGlobalIDString = 2E6AC4CA1EBB8C580050050D;
			remoteInfo = EVA3_4_MULTIVIWER_A_PATIN_2;
		};
/* End PBXContainerItemProxy section */

/* Begin PBXFileReference section */
		2E6AC4CB1EBB8C580050050D /* EVA3_4_MULTIVIWER_A_PATIN_2.app */ = {isa = PBXFileReference; explicitFileType = wrapper.application; includeInIndex = 0; path = EVA3_4_MULTIVIWER_A_PATIN_2.app; sourceTree = BUILT_PRODUCTS_DIR; };
		2E6AC4CE1EBB8C580050050D /* AppDelegate.swift */ = {isa = PBXFileReference; lastKnownFileType = sourcecode.swift; path = AppDelegate.swift; sourceTree = "<group>"; };
		2E6AC4D31EBB8C580050050D /* Base */ = {isa = PBXFileReference; lastKnownFileType = file.storyboard; name = Base; path = Base.lproj/Main.storyboard; sourceTree = "<group>"; };
		2E6AC4D51EBB8C580050050D /* Assets.xcassets */ = {isa = PBXFileReference; lastKnownFileType = folder.assetcatalog; path = Assets.xcassets; sourceTree = "<group>"; };
		2E6AC4D81EBB8C580050050D /* Base */ = {isa = PBXFileReference; lastKnownFileType = file.storyboard; name = Base; path = Base.lproj/LaunchScreen.storyboard; sourceTree = "<group>"; };
		2E6AC4DA1EBB8C580050050D /* Info.plist */ = {isa = PBXFileReference; lastKnownFileType = text.plist.xml; path = Info.plist; sourceTree = "<group>"; };
		2E6AC4DF1EBB8C580050050D /* EVA3_4_MULTIVIWER_A_PATIN_2Tests.xctest */ = {isa = PBXFileReference; explicitFileType = wrapper.cfbundle; includeInIndex = 0; path = EVA3_4_MULTIVIWER_A_PATIN_2Tests.xctest; sourceTree = BUILT_PRODUCTS_DIR; };
		2E6AC4E31EBB8C580050050D /* EVA3_4_MULTIVIWER_A_PATIN_2Tests.swift */ = {isa = PBXFileReference; lastKnownFileType = sourcecode.swift; path = EVA3_4_MULTIVIWER_A_PATIN_2Tests.swift; sourceTree = "<group>"; };
		2E6AC4E51EBB8C580050050D /* Info.plist */ = {isa = PBXFileReference; lastKnownFileType = text.plist.xml; path = Info.plist; sourceTree = "<group>"; };
		2E6AC4EA1EBB8C580050050D /* EVA3_4_MULTIVIWER_A_PATIN_2UITests.xctest */ = {isa = PBXFileReference; explicitFileType = wrapper.cfbundle; includeInIndex = 0; path = EVA3_4_MULTIVIWER_A_PATIN_2UITests.xctest; sourceTree = BUILT_PRODUCTS_DIR; };
		2E6AC4EE1EBB8C580050050D /* EVA3_4_MULTIVIWER_A_PATIN_2UITests.swift */ = {isa = PBXFileReference; lastKnownFileType = sourcecode.swift; path = EVA3_4_MULTIVIWER_A_PATIN_2UITests.swift; sourceTree = "<group>"; };
		2E6AC4F01EBB8C580050050D /* Info.plist */ = {isa = PBXFileReference; lastKnownFileType = text.plist.xml; path = Info.plist; sourceTree = "<group>"; };
		2E6AC4FC1EBB8D3F0050050D /* SwitchingViewController.swift */ = {isa = PBXFileReference; fileEncoding = 4; lastKnownFileType = sourcecode.swift; path = SwitchingViewController.swift; sourceTree = "<group>"; };
		2E6AC4FE1EBB8E870050050D /* BlueViewController.swift */ = {isa = PBXFileReference; fileEncoding = 4; lastKnownFileType = sourcecode.swift; path = BlueViewController.swift; sourceTree = "<group>"; };
		2E6AC5001EBB8E940050050D /* YellowViewController.swift */ = {isa = PBXFileReference; fileEncoding = 4; lastKnownFileType = sourcecode.swift; path = YellowViewController.swift; sourceTree = "<group>"; };
/* End PBXFileReference section */

/* Begin PBXFrameworksBuildPhase section */
		2E6AC4C81EBB8C580050050D /* Frameworks */ = {
			isa = PBXFrameworksBuildPhase;
			buildActionMask = 2147483647;
			files = (
			);
			runOnlyForDeploymentPostprocessing = 0;
		};
		2E6AC4DC1EBB8C580050050D /* Frameworks */ = {
			isa = PBXFrameworksBuildPhase;
			buildActionMask = 2147483647;
			files = (
			);
			runOnlyForDeploymentPostprocessing = 0;
		};
		2E6AC4E71EBB8C580050050D /* Frameworks */ = {
			isa = PBXFrameworksBuildPhase;
			buildActionMask = 2147483647;
			files = (
			);
			runOnlyForDeploymentPostprocessing = 0;
		};
/* End PBXFrameworksBuildPhase section */

/* Begin PBXGroup section */
		2E6AC4C21EBB8C580050050D = {
			isa = PBXGroup;
			children = (
				2E6AC4CD1EBB8C580050050D /* EVA3_4_MULTIVIWER_A_PATIN_2 */,
				2E6AC4E21EBB8C580050050D /* EVA3_4_MULTIVIWER_A_PATIN_2Tests */,
				2E6AC4ED1EBB8C580050050D /* EVA3_4_MULTIVIWER_A_PATIN_2UITests */,
				2E6AC4CC1EBB8C580050050D /* Products */,
			);
			sourceTree = "<group>";
		};
		2E6AC4CC1EBB8C580050050D /* Products */ = {
			isa = PBXGroup;
			children = (
				2E6AC4CB1EBB8C580050050D /* EVA3_4_MULTIVIWER_A_PATIN_2.app */,
				2E6AC4DF1EBB8C580050050D /* EVA3_4_MULTIVIWER_A_PATIN_2Tests.xctest */,
				2E6AC4EA1EBB8C580050050D /* EVA3_4_MULTIVIWER_A_PATIN_2UITests.xctest */,
			);
			name = Products;
			sourceTree = "<group>";
		};
		2E6AC4CD1EBB8C580050050D /* EVA3_4_MULTIVIWER_A_PATIN_2 */ = {
			isa = PBXGroup;
			children = (
				2E6AC4CE1EBB8C580050050D /* AppDelegate.swift */,
				2E6AC4D21EBB8C580050050D /* Main.storyboard */,
				2E6AC4D51EBB8C580050050D /* Assets.xcassets */,
				2E6AC4D71EBB8C580050050D /* LaunchScreen.storyboard */,
				2E6AC4DA1EBB8C580050050D /* Info.plist */,
				2E6AC4FC1EBB8D3F0050050D /* SwitchingViewController.swift */,
				2E6AC4FE1EBB8E870050050D /* BlueViewController.swift */,
				2E6AC5001EBB8E940050050D /* YellowViewController.swift */,
			);
			path = EVA3_4_MULTIVIWER_A_PATIN_2;
			sourceTree = "<group>";
		};
		2E6AC4E21EBB8C580050050D /* EVA3_4_MULTIVIWER_A_PATIN_2Tests */ = {
			isa = PBXGroup;
			children = (
				2E6AC4E31EBB8C580050050D /* EVA3_4_MULTIVIWER_A_PATIN_2Tests.swift */,
				2E6AC4E51EBB8C580050050D /* Info.plist */,
			);
			path = EVA3_4_MULTIVIWER_A_PATIN_2Tests;
			sourceTree = "<group>";
		};
		2E6AC4ED1EBB8C580050050D /* EVA3_4_MULTIVIWER_A_PATIN_2UITests */ = {
			isa = PBXGroup;
			children = (
				2E6AC4EE1EBB8C580050050D /* EVA3_4_MULTIVIWER_A_PATIN_2UITests.swift */,
				2E6AC4F01EBB8C580050050D /* Info.plist */,
			);
			path = EVA3_4_MULTIVIWER_A_PATIN_2UITests;
			sourceTree = "<group>";
		};
/* End PBXGroup section */

/* Begin PBXNativeTarget section */
		2E6AC4CA1EBB8C580050050D /* EVA3_4_MULTIVIWER_A_PATIN_2 */ = {
			isa = PBXNativeTarget;
			buildConfigurationList = 2E6AC4F31EBB8C580050050D /* Build configuration list for PBXNativeTarget "EVA3_4_MULTIVIWER_A_PATIN_2" */;
			buildPhases = (
				2E6AC4C71EBB8C580050050D /* Sources */,
				2E6AC4C81EBB8C580050050D /* Frameworks */,
				2E6AC4C91EBB8C580050050D /* Resources */,
			);
			buildRules = (
			);
			dependencies = (
			);
			name = EVA3_4_MULTIVIWER_A_PATIN_2;
			productName = EVA3_4_MULTIVIWER_A_PATIN_2;
			productReference = 2E6AC4CB1EBB8C580050050D /* EVA3_4_MULTIVIWER_A_PATIN_2.app */;
			productType = "com.apple.product-type.application";
		};
		2E6AC4DE1EBB8C580050050D /* EVA3_4_MULTIVIWER_A_PATIN_2Tests */ = {
			isa = PBXNativeTarget;
			buildConfigurationList = 2E6AC4F61EBB8C580050050D /* Build configuration list for PBXNativeTarget "EVA3_4_MULTIVIWER_A_PATIN_2Tests" */;
			buildPhases = (
				2E6AC4DB1EBB8C580050050D /* Sources */,
				2E6AC4DC1EBB8C580050050D /* Frameworks */,
				2E6AC4DD1EBB8C580050050D /* Resources */,
			);
			buildRules = (
			);
			dependencies = (
				2E6AC4E11EBB8C580050050D /* PBXTargetDependency */,
			);
			name = EVA3_4_MULTIVIWER_A_PATIN_2Tests;
			productName = EVA3_4_MULTIVIWER_A_PATIN_2Tests;
			productReference = 2E6AC4DF1EBB8C580050050D /* EVA3_4_MULTIVIWER_A_PATIN_2Tests.xctest */;
			productType = "com.apple.product-type.bundle.unit-test";
		};
		2E6AC4E91EBB8C580050050D /* EVA3_4_MULTIVIWER_A_PATIN_2UITests */ = {
			isa = PBXNativeTarget;
			buildConfigurationList = 2E6AC4F91EBB8C580050050D /* Build configuration list for PBXNativeTarget "EVA3_4_MULTIVIWER_A_PATIN_2UITests" */;
			buildPhases = (
				2E6AC4E61EBB8C580050050D /* Sources */,
				2E6AC4E71EBB8C580050050D /* Frameworks */,
				2E6AC4E81EBB8C580050050D /* Resources */,
			);
			buildRules = (
			);
			dependencies = (
				2E6AC4EC1EBB8C580050050D /* PBXTargetDependency */,
			);
			name = EVA3_4_MULTIVIWER_A_PATIN_2UITests;
			productName = EVA3_4_MULTIVIWER_A_PATIN_2UITests;
			productReference = 2E6AC4EA1EBB8C580050050D /* EVA3_4_MULTIVIWER_A_PATIN_2UITests.xctest */;
			productType = "com.apple.product-type.bundle.ui-testing";
		};
/* End PBXNativeTarget section */

/* Begin PBXProject section */
		2E6AC4C31EBB8C580050050D /* Project object */ = {
			isa = PBXProject;
			attributes = {
				LastSwiftUpdateCheck = 0730;
				LastUpgradeCheck = 0730;
				ORGANIZATIONNAME = "MIGUEL ANGEL";
				TargetAttributes = {
					2E6AC4CA1EBB8C580050050D = {
						CreatedOnToolsVersion = 7.3.1;
					};
					2E6AC4DE1EBB8C580050050D = {
						CreatedOnToolsVersion = 7.3.1;
						TestTargetID = 2E6AC4CA1EBB8C580050050D;
					};
					2E6AC4E91EBB8C580050050D = {
						CreatedOnToolsVersion = 7.3.1;
						TestTargetID = 2E6AC4CA1EBB8C580050050D;
					};
				};
			};
			buildConfigurationList = 2E6AC4C61EBB8C580050050D /* Build configuration list for PBXProject "EVA3_4_MULTIVIWER_A_PATIN_2" */;
			compatibilityVersion = "Xcode 3.2";
			developmentRegion = English;
			hasScannedForEncodings = 0;
			knownRegions = (
				en,
				Base,
			);
			mainGroup = 2E6AC4C21EBB8C580050050D;
			productRefGroup = 2E6AC4CC1EBB8C580050050D /* Products */;
			projectDirPath = "";
			projectRoot = "";
			targets = (
				2E6AC4CA1EBB8C580050050D /* EVA3_4_MULTIVIWER_A_PATIN_2 */,
				2E6AC4DE1EBB8C580050050D /* EVA3_4_MULTIVIWER_A_PATIN_2Tests */,
				2E6AC4E91EBB8C580050050D /* EVA3_4_MULTIVIWER_A_PATIN_2UITests */,
			);
		};
/* End PBXProject section */

/* Begin PBXResourcesBuildPhase section */
		2E6AC4C91EBB8C580050050D /* Resources */ = {
			isa = PBXResourcesBuildPhase;
			buildActionMask = 2147483647;
			files = (
				2E6AC4D91EBB8C580050050D /* LaunchScreen.storyboard in Resources */,
				2E6AC4D61EBB8C580050050D /* Assets.xcassets in Resources */,
				2E6AC4D41EBB8C580050050D /* Main.storyboard in Resources */,
			);
			runOnlyForDeploymentPostprocessing = 0;
		};
		2E6AC4DD1EBB8C580050050D /* Resources */ = {
			isa = PBXResourcesBuildPhase;
			buildActionMask = 2147483647;
			files = (
			);
			runOnlyForDeploymentPostprocessing = 0;
		};
		2E6AC4E81EBB8C580050050D /* Resources */ = {
			isa = PBXResourcesBuildPhase;
			buildActionMask = 2147483647;
			files = (
			);
			runOnlyForDeploymentPostprocessing = 0;
		};
/* End PBXResourcesBuildPhase section */

/* Begin PBXSourcesBuildPhase section */
		2E6AC4C71EBB8C580050050D /* Sources */ = {
			isa = PBXSourcesBuildPhase;
			buildActionMask = 2147483647;
			files = (
				2E6AC4CF1EBB8C580050050D /* AppDelegate.swift in Sources */,
				2E6AC4FF1EBB8E870050050D /* BlueViewController.swift in Sources */,
				2E6AC4FD1EBB8D3F0050050D /* SwitchingViewController.swift in Sources */,
				2E6AC5011EBB8E940050050D /* YellowViewController.swift in Sources */,
			);
			runOnlyForDeploymentPostprocessing = 0;
		};
		2E6AC4DB1EBB8C580050050D /* Sources */ = {
			isa = PBXSourcesBuildPhase;
			buildActionMask = 2147483647;
			files = (
				2E6AC4E41EBB8C580050050D /* EVA3_4_MULTIVIWER_A_PATIN_2Tests.swift in Sources */,
			);
			runOnlyForDeploymentPostprocessing = 0;
		};
		2E6AC4E61EBB8C580050050D /* Sources */ = {
			isa = PBXSourcesBuildPhase;
			buildActionMask = 2147483647;
			files = (
				2E6AC4EF1EBB8C580050050D /* EVA3_4_MULTIVIWER_A_PATIN_2UITests.swift in Sources */,
			);
			runOnlyForDeploymentPostprocessing = 0;
		};
/* End PBXSourcesBuildPhase section */

/* Begin PBXTargetDependency section */
		2E6AC4E11EBB8C580050050D /* PBXTargetDependency */ = {
			isa = PBXTargetDependency;
			target = 2E6AC4CA1EBB8C580050050D /* EVA3_4_MULTIVIWER_A_PATIN_2 */;
			targetProxy = 2E6AC4E01EBB8C580050050D /* PBXContainerItemProxy */;
		};
		2E6AC4EC1EBB8C580050050D /* PBXTargetDependency */ = {
			isa = PBXTargetDependency;
			target = 2E6AC4CA1EBB8C580050050D /* EVA3_4_MULTIVIWER_A_PATIN_2 */;
			targetProxy = 2E6AC4EB1EBB8C580050050D /* PBXContainerItemProxy */;
		};
/* End PBXTargetDependency section */

/* Begin PBXVariantGroup section */
		2E6AC4D21EBB8C580050050D /* Main.storyboard */ = {
			isa = PBXVariantGroup;
			children = (
				2E6AC4D31EBB8C580050050D /* Base */,
			);
			name = Main.storyboard;
			sourceTree = "<group>";
		};
		2E6AC4D71EBB8C580050050D /* LaunchScreen.storyboard */ = {
			isa = PBXVariantGroup;
			children = (
				2E6AC4D81EBB8C580050050D /* Base */,
			);
			name = LaunchScreen.storyboard;
			sourceTree = "<group>";
		};
/* End PBXVariantGroup section */

/* Begin XCBuildConfiguration section */
		2E6AC4F11EBB8C580050050D /* Debug */ = {
			isa = XCBuildConfiguration;
			buildSettings = {
				ALWAYS_SEARCH_USER_PATHS = NO;
				CLANG_ANALYZER_NONNULL = YES;
				CLANG_CXX_LANGUAGE_STANDARD = "gnu++0x";
				CLANG_CXX_LIBRARY = "libc++";
				CLANG_ENABLE_MODULES = YES;
				CLANG_ENABLE_OBJC_ARC = YES;
				CLANG_WARN_BOOL_CONVERSION = YES;
				CLANG_WARN_CONSTANT_CONVERSION = YES;
				CLANG_WARN_DIRECT_OBJC_ISA_USAGE = YES_ERROR;
				CLANG_WARN_EMPTY_BODY = YES;
				CLANG_WARN_ENUM_CONVERSION = YES;
				CLANG_WARN_INT_CONVERSION = YES;
				CLANG_WARN_OBJC_ROOT_CLASS = YES_ERROR;
				CLANG_WARN_UNREACHABLE_CODE = YES;
				CLANG_WARN__DUPLICATE_METHOD_MATCH = YES;
				"CODE_SIGN_IDENTITY[sdk=iphoneos*]" = "iPhone Developer";
				COPY_PHASE_STRIP = NO;
				DEBUG_INFORMATION_FORMAT = dwarf;
				ENABLE_STRICT_OBJC_MSGSEND = YES;
				ENABLE_TESTABILITY = YES;
				GCC_C_LANGUAGE_STANDARD = gnu99;
				GCC_DYNAMIC_NO_PIC = NO;
				GCC_NO_COMMON_BLOCKS = YES;
				GCC_OPTIMIZATION_LEVEL = 0;
				GCC_PREPROCESSOR_DEFINITIONS = (
					"DEBUG=1",
					"$(inherited)",
				);
				GCC_WARN_64_TO_32_BIT_CONVERSION = YES;
				GCC_WARN_ABOUT_RETURN_TYPE = YES_ERROR;
				GCC_WARN_UNDECLARED_SELECTOR = YES;
				GCC_WARN_UNINITIALIZED_AUTOS = YES_AGGRESSIVE;
				GCC_WARN_UNUSED_FUNCTION = YES;
				GCC_WARN_UNUSED_VARIABLE = YES;
				IPHONEOS_DEPLOYMENT_TARGET = 9.3;
				MTL_ENABLE_DEBUG_INFO = YES;
				ONLY_ACTIVE_ARCH = YES;
				SDKROOT = iphoneos;
				SWIFT_OPTIMIZATION_LEVEL = "-Onone";
				TARGETED_DEVICE_FAMILY = "1,2";
			};
			name = Debug;
		};
		2E6AC4F21EBB8C580050050D /* Release */ = {
			isa = XCBuildConfiguration;
			buildSettings = {
				ALWAYS_SEARCH_USER_PATHS = NO;
				CLANG_ANALYZER_NONNULL = YES;
				CLANG_CXX_LANGUAGE_STANDARD = "gnu++0x";
				CLANG_CXX_LIBRARY = "libc++";
				CLANG_ENABLE_MODULES = YES;
				CLANG_ENABLE_OBJC_ARC = YES;
				CLANG_WARN_BOOL_CONVERSION = YES;
				CLANG_WARN_CONSTANT_CONVERSION = YES;
				CLANG_WARN_DIRECT_OBJC_ISA_USAGE = YES_ERROR;
				CLANG_WARN_EMPTY_BODY = YES;
				CLANG_WARN_ENUM_CONVERSION = YES;
				CLANG_WARN_INT_CONVERSION = YES;
				CLANG_WARN_OBJC_ROOT_CLASS = YES_ERROR;
				CLANG_WARN_UNREACHABLE_CODE = YES;
				CLANG_WARN__DUPLICATE_METHOD_MATCH = YES;
				"CODE_SIGN_IDENTITY[sdk=iphoneos*]" = "iPhone Developer";
				COPY_PHASE_STRIP = NO;
				DEBUG_INFORMATION_FORMAT = "dwarf-with-dsym";
				ENABLE_NS_ASSERTIONS = NO;
				ENABLE_STRICT_OBJC_MSGSEND = YES;
				GCC_C_LANGUAGE_STANDARD = gnu99;
				GCC_NO_COMMON_BLOCKS = YES;
				GCC_WARN_64_TO_32_BIT_CONVERSION = YES;
				GCC_WARN_ABOUT_RETURN_TYPE = YES_ERROR;
				GCC_WARN_UNDECLARED_SELECTOR = YES;
				GCC_WARN_UNINITIALIZED_AUTOS = YES_AGGRESSIVE;
				GCC_WARN_UNUSED_FUNCTION = YES;
				GCC_WARN_UNUSED_VARIABLE = YES;
				IPHONEOS_DEPLOYMENT_TARGET = 9.3;
				MTL_ENABLE_DEBUG_INFO = NO;
				SDKROOT = iphoneos;
				TARGETED_DEVICE_FAMILY = "1,2";
				VALIDATE_PRODUCT = YES;
			};
			name = Release;
		};
		2E6AC4F41EBB8C580050050D /* Debug */ = {
			isa = XCBuildConfiguration;
			buildSettings = {
				ASSETCATALOG_COMPILER_APPICON_NAME = AppIcon;
				INFOPLIST_FILE = EVA3_4_MULTIVIWER_A_PATIN_2/Info.plist;
				LD_RUNPATH_SEARCH_PATHS = "$(inherited) @executable_path/Frameworks";
				PRODUCT_BUNDLE_IDENTIFIER = "com.miguel-angel.constrains.EVA3-4-MULTIVIWER-A-PATIN-2";
				PRODUCT_NAME = "$(TARGET_NAME)";
			};
			name = Debug;
		};
		2E6AC4F51EBB8C580050050D /* Release */ = {
			isa = XCBuildConfiguration;
			buildSettings = {
				ASSETCATALOG_COMPILER_APPICON_NAME = AppIcon;
				INFOPLIST_FILE = EVA3_4_MULTIVIWER_A_PATIN_2/Info.plist;
				LD_RUNPATH_SEARCH_PATHS = "$(inherited) @executable_path/Frameworks";
				PRODUCT_BUNDLE_IDENTIFIER = "com.miguel-angel.constrains.EVA3-4-MULTIVIWER-A-PATIN-2";
				PRODUCT_NAME = "$(TARGET_NAME)";
			};
			name = Release;
		};
		2E6AC4F71EBB8C580050050D /* Debug */ = {
			isa = XCBuildConfiguration;
			buildSettings = {
				BUNDLE_LOADER = "$(TEST_HOST)";
				INFOPLIST_FILE = EVA3_4_MULTIVIWER_A_PATIN_2Tests/Info.plist;
				LD_RUNPATH_SEARCH_PATHS = "$(inherited) @executable_path/Frameworks @loader_path/Frameworks";
				PRODUCT_BUNDLE_IDENTIFIER = "com.miguel-angel.constrains.EVA3-4-MULTIVIWER-A-PATIN-2Tests";
				PRODUCT_NAME = "$(TARGET_NAME)";
				TEST_HOST = "$(BUILT_PRODUCTS_DIR)/EVA3_4_MULTIVIWER_A_PATIN_2.app/EVA3_4_MULTIVIWER_A_PATIN_2";
			};
			name = Debug;
		};
		2E6AC4F81EBB8C580050050D /* Release */ = {
			isa = XCBuildConfiguration;
			buildSettings = {
				BUNDLE_LOADER = "$(TEST_HOST)";
				INFOPLIST_FILE = EVA3_4_MULTIVIWER_A_PATIN_2Tests/Info.plist;
				LD_RUNPATH_SEARCH_PATHS = "$(inherited) @executable_path/Frameworks @loader_path/Frameworks";
				PRODUCT_BUNDLE_IDENTIFIER = "com.miguel-angel.constrains.EVA3-4-MULTIVIWER-A-PATIN-2Tests";
				PRODUCT_NAME = "$(TARGET_NAME)";
				TEST_HOST = "$(BUILT_PRODUCTS_DIR)/EVA3_4_MULTIVIWER_A_PATIN_2.app/EVA3_4_MULTIVIWER_A_PATIN_2";
			};
			name = Release;
		};
		2E6AC4FA1EBB8C580050050D /* Debug */ = {
			isa = XCBuildConfiguration;
			buildSettings = {
				INFOPLIST_FILE = EVA3_4_MULTIVIWER_A_PATIN_2UITests/Info.plist;
				LD_RUNPATH_SEARCH_PATHS = "$(inherited) @executable_path/Frameworks @loader_path/Frameworks";
				PRODUCT_BUNDLE_IDENTIFIER = "com.miguel-angel.constrains.EVA3-4-MULTIVIWER-A-PATIN-2UITests";
				PRODUCT_NAME = "$(TARGET_NAME)";
				TEST_TARGET_NAME = EVA3_4_MULTIVIWER_A_PATIN_2;
			};
			name = Debug;
		};
		2E6AC4FB1EBB8C580050050D /* Release */ = {
			isa = XCBuildConfiguration;
			buildSettings = {
				INFOPLIST_FILE = EVA3_4_MULTIVIWER_A_PATIN_2UITests/Info.plist;
				LD_RUNPATH_SEARCH_PATHS = "$(inherited) @executable_path/Frameworks @loader_path/Frameworks";
				PRODUCT_BUNDLE_IDENTIFIER = "com.miguel-angel.constrains.EVA3-4-MULTIVIWER-A-PATIN-2UITests";
				PRODUCT_NAME = "$(TARGET_NAME)";
				TEST_TARGET_NAME = EVA3_4_MULTIVIWER_A_PATIN_2;
			};
			name = Release;
		};
/* End XCBuildConfiguration section */

/* Begin XCConfigurationList section */
		2E6AC4C61EBB8C580050050D /* Build configuration list for PBXProject "EVA3_4_MULTIVIWER_A_PATIN_2" */ = {
			isa = XCConfigurationList;
			buildConfigurations = (
				2E6AC4F11EBB8C580050050D /* Debug */,
				2E6AC4F21EBB8C580050050D /* Release */,
			);
			defaultConfigurationIsVisible = 0;
			defaultConfigurationName = Release;
		};
		2E6AC4F31EBB8C580050050D /* Build configuration list for PBXNativeTarget "EVA3_4_MULTIVIWER_A_PATIN_2" */ = {
			isa = XCConfigurationList;
			buildConfigurations = (
				2E6AC4F41EBB8C580050050D /* Debug */,
				2E6AC4F51EBB8C580050050D /* Release */,
			);
			defaultConfigurationIsVisible = 0;
		};
		2E6AC4F61EBB8C580050050D /* Build configuration list for PBXNativeTarget "EVA3_4_MULTIVIWER_A_PATIN_2Tests" */ = {
			isa = XCConfigurationList;
			buildConfigurations = (
				2E6AC4F71EBB8C580050050D /* Debug */,
				2E6AC4F81EBB8C580050050D /* Release */,
			);
			defaultConfigurationIsVisible = 0;
		};
		2E6AC4F91EBB8C580050050D /* Build configuration list for PBXNativeTarget "EVA3_4_MULTIVIWER_A_PATIN_2UITests" */ = {
			isa = XCConfigurationList;
			buildConfigurations = (
				2E6AC4FA1EBB8C580050050D /* Debug */,
				2E6AC4FB1EBB8C580050050D /* Release */,
			);
			defaultConfigurationIsVisible = 0;
		};
/* End XCConfigurationList section */
	};
	rootObject = 2E6AC4C31EBB8C580050050D /* Project object */;
}
