<?xml version="1.0" encoding="UTF-8"?>
<Scheme
   LastUpgradeVersion = "0730"
   version = "1.3">
   <BuildAction
      parallelizeBuildables = "YES"
      buildImplicitDependencies = "YES">
      <BuildActionEntries>
         <BuildActionEntry
            buildForTesting = "YES"
            buildForRunning = "YES"
            buildForProfiling = "YES"
            buildForArchiving = "YES"
            buildForAnalyzing = "YES">
            <BuildableReference
               BuildableIdentifier = "primary"
               BlueprintIdentifier = "2E9741FA1ECB5C9B00655730"
               BuildableName = "EVA3_8_AGREGAR-DATOS.app"
               BlueprintName = "EVA3_8_AGREGAR-DATOS"
               ReferencedContainer = "container:EVA3_8_AGREGAR-DATOS.xcodeproj">
            </BuildableReference>
         </BuildActionEntry>
      </BuildActionEntries>
   </BuildAction>
   <TestAction
      buildConfiguration = "Debug"
      selectedDebuggerIdentifier = "Xcode.DebuggerFoundation.Debugger.LLDB"
      selectedLauncherIdentifier = "Xcode.DebuggerFoundation.Launcher.LLDB"
      shouldUseLaunchSchemeArgsEnv = "YES">
      <Testables>
         <TestableReference
            skipped = "NO">
            <BuildableReference
               BuildableIdentifier = "primary"
               BlueprintIdentifier = "2E97420E1ECB5C9C00655730"
               BuildableName = "EVA3_8_AGREGAR-DATOSTests.xctest"
               BlueprintName = "EVA3_8_AGREGAR-DATOSTests"
               ReferencedContainer = "container:EVA3_8_AGREGAR-DATOS.xcodeproj">
            </BuildableReference>
         </TestableReference>
         <TestableReference
            skipped = "NO">
            <BuildableReference
               BuildableIdentifier = "primary"
               BlueprintIdentifier = "2E9742191ECB5C9C00655730"
               BuildableName = "EVA3_8_AGREGAR-DATOSUITests.xctest"
               BlueprintName = "EVA3_8_AGREGAR-DATOSUITests"
               ReferencedContainer = "container:EVA3_8_AGREGAR-DATOS.xcodeproj">
            </BuildableReference>
         </TestableReference>
      </Testables>
      <MacroExpansion>
         <BuildableReference
            BuildableIdentifier = "primary"
            BlueprintIdentifier = "2E9741FA1ECB5C9B00655730"
            BuildableName = "EVA3_8_AGREGAR-DATOS.app"
            BlueprintName = "EVA3_8_AGREGAR-DATOS"
            ReferencedContainer = "container:EVA3_8_AGREGAR-DATOS.xcodeproj">
         </BuildableReference>
      </MacroExpansion>
      <AdditionalOptions>
      </AdditionalOptions>
   </TestAction>
   <LaunchAction
      buildConfiguration = "Debug"
      selectedDebuggerIdentifier = "Xcode.DebuggerFoundation.Debugger.LLDB"
      selectedLauncherIdentifier = "Xcode.DebuggerFoundation.Launcher.LLDB"
      launchStyle = "0"
      useCustomWorkingDirectory = "NO"
      ignoresPersistentStateOnLaunch = "NO"
      debugDocumentVersioning = "YES"
      debugServiceExtension = "internal"
      allowLocationSimulation = "YES">
      <BuildableProductRunnable
         runnableDebuggingMode = "0">
         <BuildableReference
            BuildableIdentifier = "primary"
            BlueprintIdentifier = "2E9741FA1ECB5C9B00655730"
            BuildableName = "EVA3_8_AGREGAR-DATOS.app"
            BlueprintName = "EVA3_8_AGREGAR-DATOS"
            ReferencedContainer = "container:EVA3_8_AGREGAR-DATOS.xcodeproj">
         </BuildableReference>
      </BuildableProductRunnable>
      <AdditionalOptions>
      </AdditionalOptions>
   </LaunchAction>
   <ProfileAction
      buildConfiguration = "Release"
      shouldUseLaunchSchemeArgsEnv = "YES"
      savedToolIdentifier = ""
      useCustomWorkingDirectory = "NO"
      debugDocumentVersioning = "YES">
      <BuildableProductRunnable
         runnableDebuggingMode = "0">
         <BuildableReference
            BuildableIdentifier = "primary"
            BlueprintIdentifier = "2E9741FA1ECB5C9B00655730"
            BuildableName = "EVA3_8_AGREGAR-DATOS.app"
            BlueprintName = "EVA3_8_AGREGAR-DATOS"
            ReferencedContainer = "container:EVA3_8_AGREGAR-DATOS.xcodeproj">
         </BuildableReference>
      </BuildableProductRunnable>
   </ProfileAction>
   <AnalyzeAction
      buildConfiguration = "Debug">
   </AnalyzeAction>
   <ArchiveAction
      buildConfiguration = "Release"
      revealArchiveInOrganizer = "YES">
   </ArchiveAction>
</Scheme>
