// !$*UTF8*$!
{
	archiveVersion = 1;
	classes = {
	};
	objectVersion = 46;
	objects = {

/* Begin PBXBuildFile section */
		2E16FBA71EB2509900F8E69E /* AppDelegate.swift in Sources */ = {isa = PBXBuildFile; fileRef = 2E16FBA61EB2509900F8E69E /* AppDelegate.swift */; };
		2E16FBA91EB2509900F8E69E /* ViewController.swift in Sources */ = {isa = PBXBuildFile; fileRef = 2E16FBA81EB2509900F8E69E /* ViewController.swift */; };
		2E16FBAC1EB2509A00F8E69E /* Main.storyboard in Resources */ = {isa = PBXBuildFile; fileRef = 2E16FBAA1EB2509A00F8E69E /* Main.storyboard */; };
		2E16FBAE1EB2509A00F8E69E /* Assets.xcassets in Resources */ = {isa = PBXBuildFile; fileRef = 2E16FBAD1EB2509A00F8E69E /* Assets.xcassets */; };
		2E16FBB11EB2509A00F8E69E /* LaunchScreen.storyboard in Resources */ = {isa = PBXBuildFile; fileRef = 2E16FBAF1EB2509A00F8E69E /* LaunchScreen.storyboard */; };
		2E16FBBC1EB2509A00F8E69E /* EVA3_1_TAB_CONTROLLERTests.swift in Sources */ = {isa = PBXBuildFile; fileRef = 2E16FBBB1EB2509A00F8E69E /* EVA3_1_TAB_CONTROLLERTests.swift */; };
		2E16FBC71EB2509A00F8E69E /* EVA3_1_TAB_CONTROLLERUITests.swift in Sources */ = {isa = PBXBuildFile; fileRef = 2E16FBC61EB2509A00F8E69E /* EVA3_1_TAB_CONTROLLERUITests.swift */; };
/* End PBXBuildFile section */

/* Begin PBXContainerItemProxy section */
		2E16FBB81EB2509A00F8E69E /* PBXContainerItemProxy */ = {
			isa = PBXContainerItemProxy;
			containerPortal = 2E16FB9B1EB2509900F8E69E /* Project object */;
			proxyType = 1;
			remoteGlobalIDString = 2E16FBA21EB2509900F8E69E;
			remoteInfo = "EVA3_1-TAB_CONTROLLER";
		};
		2E16FBC31EB2509A00F8E69E /* PBXContainerItemProxy */ = {
			isa = PBXContainerItemProxy;
			containerPortal = 2E16FB9B1EB2509900F8E69E /* Project object */;
			proxyType = 1;
			remoteGlobalIDString = 2E16FBA21EB2509900F8E69E;
			remoteInfo = "EVA3_1-TAB_CONTROLLER";
		};
/* End PBXContainerItemProxy section */

/* Begin PBXFileReference section */
		2E16FBA31EB2509900F8E69E /* EVA3_1-TAB_CONTROLLER.app */ = {isa = PBXFileReference; explicitFileType = wrapper.application; includeInIndex = 0; path = "EVA3_1-TAB_CONTROLLER.app"; sourceTree = BUILT_PRODUCTS_DIR; };
		2E16FBA61EB2509900F8E69E /* AppDelegate.swift */ = {isa = PBXFileReference; lastKnownFileType = sourcecode.swift; path = AppDelegate.swift; sourceTree = "<group>"; };
		2E16FBA81EB2509900F8E69E /* ViewController.swift */ = {isa = PBXFileReference; lastKnownFileType = sourcecode.swift; path = ViewController.swift; sourceTree = "<group>"; };
		2E16FBAB1EB2509A00F8E69E /* Base */ = {isa = PBXFileReference; lastKnownFileType = file.storyboard; name = Base; path = Base.lproj/Main.storyboard; sourceTree = "<group>"; };
		2E16FBAD1EB2509A00F8E69E /* Assets.xcassets */ = {isa = PBXFileReference; lastKnownFileType = folder.assetcatalog; path = Assets.xcassets; sourceTree = "<group>"; };
		2E16FBB01EB2509A00F8E69E /* Base */ = {isa = PBXFileReference; lastKnownFileType = file.storyboard; name = Base; path = Base.lproj/LaunchScreen.storyboard; sourceTree = "<group>"; };
		2E16FBB21EB2509A00F8E69E /* Info.plist */ = {isa = PBXFileReference; lastKnownFileType = text.plist.xml; path = Info.plist; sourceTree = "<group>"; };
		2E16FBB71EB2509A00F8E69E /* EVA3_1-TAB_CONTROLLERTests.xctest */ = {isa = PBXFileReference; explicitFileType = wrapper.cfbundle; includeInIndex = 0; path = "EVA3_1-TAB_CONTROLLERTests.xctest"; sourceTree = BUILT_PRODUCTS_DIR; };
		2E16FBBB1EB2509A00F8E69E /* EVA3_1_TAB_CONTROLLERTests.swift */ = {isa = PBXFileReference; lastKnownFileType = sourcecode.swift; path = EVA3_1_TAB_CONTROLLERTests.swift; sourceTree = "<group>"; };
		2E16FBBD1EB2509A00F8E69E /* Info.plist */ = {isa = PBXFileReference; lastKnownFileType = text.plist.xml; path = Info.plist; sourceTree = "<group>"; };
		2E16FBC21EB2509A00F8E69E /* EVA3_1-TAB_CONTROLLERUITests.xctest */ = {isa = PBXFileReference; explicitFileType = wrapper.cfbundle; includeInIndex = 0; path = "EVA3_1-TAB_CONTROLLERUITests.xctest"; sourceTree = BUILT_PRODUCTS_DIR; };
		2E16FBC61EB2509A00F8E69E /* EVA3_1_TAB_CONTROLLERUITests.swift */ = {isa = PBXFileReference; lastKnownFileType = sourcecode.swift; path = EVA3_1_TAB_CONTROLLERUITests.swift; sourceTree = "<group>"; };
		2E16FBC81EB2509A00F8E69E /* Info.plist */ = {isa = PBXFileReference; lastKnownFileType = text.plist.xml; path = Info.plist; sourceTree = "<group>"; };
/* End PBXFileReference section */

/* Begin PBXFrameworksBuildPhase section */
		2E16FBA01EB2509900F8E69E /* Frameworks */ = {
			isa = PBXFrameworksBuildPhase;
			buildActionMask = 2147483647;
			files = (
			);
			runOnlyForDeploymentPostprocessing = 0;
		};
		2E16FBB41EB2509A00F8E69E /* Frameworks */ = {
			isa = PBXFrameworksBuildPhase;
			buildActionMask = 2147483647;
			files = (
			);
			runOnlyForDeploymentPostprocessing = 0;
		};
		2E16FBBF1EB2509A00F8E69E /* Frameworks */ = {
			isa = PBXFrameworksBuildPhase;
			buildActionMask = 2147483647;
			files = (
			);
			runOnlyForDeploymentPostprocessing = 0;
		};
/* End PBXFrameworksBuildPhase section */

/* Begin PBXGroup section */
		2E16FB9A1EB2509900F8E69E = {
			isa = PBXGroup;
			children = (
				2E16FBA51EB2509900F8E69E /* EVA3_1-TAB_CONTROLLER */,
				2E16FBBA1EB2509A00F8E69E /* EVA3_1-TAB_CONTROLLERTests */,
				2E16FBC51EB2509A00F8E69E /* EVA3_1-TAB_CONTROLLERUITests */,
				2E16FBA41EB2509900F8E69E /* Products */,
			);
			sourceTree = "<group>";
		};
		2E16FBA41EB2509900F8E69E /* Products */ = {
			isa = PBXGroup;
			children = (
				2E16FBA31EB2509900F8E69E /* EVA3_1-TAB_CONTROLLER.app */,
				2E16FBB71EB2509A00F8E69E /* EVA3_1-TAB_CONTROLLERTests.xctest */,
				2E16FBC21EB2509A00F8E69E /* EVA3_1-TAB_CONTROLLERUITests.xctest */,
			);
			name = Products;
			sourceTree = "<group>";
		};
		2E16FBA51EB2509900F8E69E /* EVA3_1-TAB_CONTROLLER */ = {
			isa = PBXGroup;
			children = (
				2E16FBA61EB2509900F8E69E /* AppDelegate.swift */,
				2E16FBA81EB2509900F8E69E /* ViewController.swift */,
				2E16FBAA1EB2509A00F8E69E /* Main.storyboard */,
				2E16FBAD1EB2509A00F8E69E /* Assets.xcassets */,
				2E16FBAF1EB2509A00F8E69E /* LaunchScreen.storyboard */,
				2E16FBB21EB2509A00F8E69E /* Info.plist */,
			);
			path = "EVA3_1-TAB_CONTROLLER";
			sourceTree = "<group>";
		};
		2E16FBBA1EB2509A00F8E69E /* EVA3_1-TAB_CONTROLLERTests */ = {
			isa = PBXGroup;
			children = (
				2E16FBBB1EB2509A00F8E69E /* EVA3_1_TAB_CONTROLLERTests.swift */,
				2E16FBBD1EB2509A00F8E69E /* Info.plist */,
			);
			path = "EVA3_1-TAB_CONTROLLERTests";
			sourceTree = "<group>";
		};
		2E16FBC51EB2509A00F8E69E /* EVA3_1-TAB_CONTROLLERUITests */ = {
			isa = PBXGroup;
			children = (
				2E16FBC61EB2509A00F8E69E /* EVA3_1_TAB_CONTROLLERUITests.swift */,
				2E16FBC81EB2509A00F8E69E /* Info.plist */,
			);
			path = "EVA3_1-TAB_CONTROLLERUITests";
			sourceTree = "<group>";
		};
/* End PBXGroup section */

/* Begin PBXNativeTarget section */
		2E16FBA21EB2509900F8E69E /* EVA3_1-TAB_CONTROLLER */ = {
			isa = PBXNativeTarget;
			buildConfigurationList = 2E16FBCB1EB2509A00F8E69E /* Build configuration list for PBXNativeTarget "EVA3_1-TAB_CONTROLLER" */;
			buildPhases = (
				2E16FB9F1EB2509900F8E69E /* Sources */,
				2E16FBA01EB2509900F8E69E /* Frameworks */,
				2E16FBA11EB2509900F8E69E /* Resources */,
			);
			buildRules = (
			);
			dependencies = (
			);
			name = "EVA3_1-TAB_CONTROLLER";
			productName = "EVA3_1-TAB_CONTROLLER";
			productReference = 2E16FBA31EB2509900F8E69E /* EVA3_1-TAB_CONTROLLER.app */;
			productType = "com.apple.product-type.application";
		};
		2E16FBB61EB2509A00F8E69E /* EVA3_1-TAB_CONTROLLERTests */ = {
			isa = PBXNativeTarget;
			buildConfigurationList = 2E16FBCE1EB2509A00F8E69E /* Build configuration list for PBXNativeTarget "EVA3_1-TAB_CONTROLLERTests" */;
			buildPhases = (
				2E16FBB31EB2509A00F8E69E /* Sources */,
				2E16FBB41EB2509A00F8E69E /* Frameworks */,
				2E16FBB51EB2509A00F8E69E /* Resources */,
			);
			buildRules = (
			);
			dependencies = (
				2E16FBB91EB2509A00F8E69E /* PBXTargetDependency */,
			);
			name = "EVA3_1-TAB_CONTROLLERTests";
			productName = "EVA3_1-TAB_CONTROLLERTests";
			productReference = 2E16FBB71EB2509A00F8E69E /* EVA3_1-TAB_CONTROLLERTests.xctest */;
			productType = "com.apple.product-type.bundle.unit-test";
		};
		2E16FBC11EB2509A00F8E69E /* EVA3_1-TAB_CONTROLLERUITests */ = {
			isa = PBXNativeTarget;
			buildConfigurationList = 2E16FBD11EB2509A00F8E69E /* Build configuration list for PBXNativeTarget "EVA3_1-TAB_CONTROLLERUITests" */;
			buildPhases = (
				2E16FBBE1EB2509A00F8E69E /* Sources */,
				2E16FBBF1EB2509A00F8E69E /* Frameworks */,
				2E16FBC01EB2509A00F8E69E /* Resources */,
			);
			buildRules = (
			);
			dependencies = (
				2E16FBC41EB2509A00F8E69E /* PBXTargetDependency */,
			);
			name = "EVA3_1-TAB_CONTROLLERUITests";
			productName = "EVA3_1-TAB_CONTROLLERUITests";
			productReference = 2E16FBC21EB2509A00F8E69E /* EVA3_1-TAB_CONTROLLERUITests.xctest */;
			productType = "com.apple.product-type.bundle.ui-testing";
		};
/* End PBXNativeTarget section */

/* Begin PBXProject section */
		2E16FB9B1EB2509900F8E69E /* Project object */ = {
			isa = PBXProject;
			attributes = {
				LastSwiftUpdateCheck = 0730;
				LastUpgradeCheck = 0730;
				ORGANIZATIONNAME = "MIGUEL ANGEL";
				TargetAttributes = {
					2E16FBA21EB2509900F8E69E = {
						CreatedOnToolsVersion = 7.3.1;
					};
					2E16FBB61EB2509A00F8E69E = {
						CreatedOnToolsVersion = 7.3.1;
						TestTargetID = 2E16FBA21EB2509900F8E69E;
					};
					2E16FBC11EB2509A00F8E69E = {
						CreatedOnToolsVersion = 7.3.1;
						TestTargetID = 2E16FBA21EB2509900F8E69E;
					};
				};
			};
			buildConfigurationList = 2E16FB9E1EB2509900F8E69E /* Build configuration list for PBXProject "EVA3_1-TAB_CONTROLLER" */;
			compatibilityVersion = "Xcode 3.2";
			developmentRegion = English;
			hasScannedForEncodings = 0;
			knownRegions = (
				en,
				Base,
			);
			mainGroup = 2E16FB9A1EB2509900F8E69E;
			productRefGroup = 2E16FBA41EB2509900F8E69E /* Products */;
			projectDirPath = "";
			projectRoot = "";
			targets = (
				2E16FBA21EB2509900F8E69E /* EVA3_1-TAB_CONTROLLER */,
				2E16FBB61EB2509A00F8E69E /* EVA3_1-TAB_CONTROLLERTests */,
				2E16FBC11EB2509A00F8E69E /* EVA3_1-TAB_CONTROLLERUITests */,
			);
		};
/* End PBXProject section */

/* Begin PBXResourcesBuildPhase section */
		2E16FBA11EB2509900F8E69E /* Resources */ = {
			isa = PBXResourcesBuildPhase;
			buildActionMask = 2147483647;
			files = (
				2E16FBB11EB2509A00F8E69E /* LaunchScreen.storyboard in Resources */,
				2E16FBAE1EB2509A00F8E69E /* Assets.xcassets in Resources */,
				2E16FBAC1EB2509A00F8E69E /* Main.storyboard in Resources */,
			);
			runOnlyForDeploymentPostprocessing = 0;
		};
		2E16FBB51EB2509A00F8E69E /* Resources */ = {
			isa = PBXResourcesBuildPhase;
			buildActionMask = 2147483647;
			files = (
			);
			runOnlyForDeploymentPostprocessing = 0;
		};
		2E16FBC01EB2509A00F8E69E /* Resources */ = {
			isa = PBXResourcesBuildPhase;
			buildActionMask = 2147483647;
			files = (
			);
			runOnlyForDeploymentPostprocessing = 0;
		};
/* End PBXResourcesBuildPhase section */

/* Begin PBXSourcesBuildPhase section */
		2E16FB9F1EB2509900F8E69E /* Sources */ = {
			isa = PBXSourcesBuildPhase;
			buildActionMask = 2147483647;
			files = (
				2E16FBA91EB2509900F8E69E /* ViewController.swift in Sources */,
				2E16FBA71EB2509900F8E69E /* AppDelegate.swift in Sources */,
			);
			runOnlyForDeploymentPostprocessing = 0;
		};
		2E16FBB31EB2509A00F8E69E /* Sources */ = {
			isa = PBXSourcesBuildPhase;
			buildActionMask = 2147483647;
			files = (
				2E16FBBC1EB2509A00F8E69E /* EVA3_1_TAB_CONTROLLERTests.swift in Sources */,
			);
			runOnlyForDeploymentPostprocessing = 0;
		};
		2E16FBBE1EB2509A00F8E69E /* Sources */ = {
			isa = PBXSourcesBuildPhase;
			buildActionMask = 2147483647;
			files = (
				2E16FBC71EB2509A00F8E69E /* EVA3_1_TAB_CONTROLLERUITests.swift in Sources */,
			);
			runOnlyForDeploymentPostprocessing = 0;
		};
/* End PBXSourcesBuildPhase section */

/* Begin PBXTargetDependency section */
		2E16FBB91EB2509A00F8E69E /* PBXTargetDependency */ = {
			isa = PBXTargetDependency;
			target = 2E16FBA21EB2509900F8E69E /* EVA3_1-TAB_CONTROLLER */;
			targetProxy = 2E16FBB81EB2509A00F8E69E /* PBXContainerItemProxy */;
		};
		2E16FBC41EB2509A00F8E69E /* PBXTargetDependency */ = {
			isa = PBXTargetDependency;
			target = 2E16FBA21EB2509900F8E69E /* EVA3_1-TAB_CONTROLLER */;
			targetProxy = 2E16FBC31EB2509A00F8E69E /* PBXContainerItemProxy */;
		};
/* End PBXTargetDependency section */

/* Begin PBXVariantGroup section */
		2E16FBAA1EB2509A00F8E69E /* Main.storyboard */ = {
			isa = PBXVariantGroup;
			children = (
				2E16FBAB1EB2509A00F8E69E /* Base */,
			);
			name = Main.storyboard;
			sourceTree = "<group>";
		};
		2E16FBAF1EB2509A00F8E69E /* LaunchScreen.storyboard */ = {
			isa = PBXVariantGroup;
			children = (
				2E16FBB01EB2509A00F8E69E /* Base */,
			);
			name = LaunchScreen.storyboard;
			sourceTree = "<group>";
		};
/* End PBXVariantGroup section */

/* Begin XCBuildConfiguration section */
		2E16FBC91EB2509A00F8E69E /* Debug */ = {
			isa = XCBuildConfiguration;
			buildSettings = {
				ALWAYS_SEARCH_USER_PATHS = NO;
				CLANG_ANALYZER_NONNULL = YES;
				CLANG_CXX_LANGUAGE_STANDARD = "gnu++0x";
				CLANG_CXX_LIBRARY = "libc++";
				CLANG_ENABLE_MODULES = YES;
				CLANG_ENABLE_OBJC_ARC = YES;
				CLANG_WARN_BOOL_CONVERSION = YES;
				CLANG_WARN_CONSTANT_CONVERSION = YES;
				CLANG_WARN_DIRECT_OBJC_ISA_USAGE = YES_ERROR;
				CLANG_WARN_EMPTY_BODY = YES;
				CLANG_WARN_ENUM_CONVERSION = YES;
				CLANG_WARN_INT_CONVERSION = YES;
				CLANG_WARN_OBJC_ROOT_CLASS = YES_ERROR;
				CLANG_WARN_UNREACHABLE_CODE = YES;
				CLANG_WARN__DUPLICATE_METHOD_MATCH = YES;
				"CODE_SIGN_IDENTITY[sdk=iphoneos*]" = "iPhone Developer";
				COPY_PHASE_STRIP = NO;
				DEBUG_INFORMATION_FORMAT = dwarf;
				ENABLE_STRICT_OBJC_MSGSEND = YES;
				ENABLE_TESTABILITY = YES;
				GCC_C_LANGUAGE_STANDARD = gnu99;
				GCC_DYNAMIC_NO_PIC = NO;
				GCC_NO_COMMON_BLOCKS = YES;
				GCC_OPTIMIZATION_LEVEL = 0;
				GCC_PREPROCESSOR_DEFINITIONS = (
					"DEBUG=1",
					"$(inherited)",
				);
				GCC_WARN_64_TO_32_BIT_CONVERSION = YES;
				GCC_WARN_ABOUT_RETURN_TYPE = YES_ERROR;
				GCC_WARN_UNDECLARED_SELECTOR = YES;
				GCC_WARN_UNINITIALIZED_AUTOS = YES_AGGRESSIVE;
				GCC_WARN_UNUSED_FUNCTION = YES;
				GCC_WARN_UNUSED_VARIABLE = YES;
				IPHONEOS_DEPLOYMENT_TARGET = 9.3;
				MTL_ENABLE_DEBUG_INFO = YES;
				ONLY_ACTIVE_ARCH = YES;
				SDKROOT = iphoneos;
				SWIFT_OPTIMIZATION_LEVEL = "-Onone";
				TARGETED_DEVICE_FAMILY = "1,2";
			};
			name = Debug;
		};
		2E16FBCA1EB2509A00F8E69E /* Release */ = {
			isa = XCBuildConfiguration;
			buildSettings = {
				ALWAYS_SEARCH_USER_PATHS = NO;
				CLANG_ANALYZER_NONNULL = YES;
				CLANG_CXX_LANGUAGE_STANDARD = "gnu++0x";
				CLANG_CXX_LIBRARY = "libc++";
				CLANG_ENABLE_MODULES = YES;
				CLANG_ENABLE_OBJC_ARC = YES;
				CLANG_WARN_BOOL_CONVERSION = YES;
				CLANG_WARN_CONSTANT_CONVERSION = YES;
				CLANG_WARN_DIRECT_OBJC_ISA_USAGE = YES_ERROR;
				CLANG_WARN_EMPTY_BODY = YES;
				CLANG_WARN_ENUM_CONVERSION = YES;
				CLANG_WARN_INT_CONVERSION = YES;
				CLANG_WARN_OBJC_ROOT_CLASS = YES_ERROR;
				CLANG_WARN_UNREACHABLE_CODE = YES;
				CLANG_WARN__DUPLICATE_METHOD_MATCH = YES;
				"CODE_SIGN_IDENTITY[sdk=iphoneos*]" = "iPhone Developer";
				COPY_PHASE_STRIP = NO;
				DEBUG_INFORMATION_FORMAT = "dwarf-with-dsym";
				ENABLE_NS_ASSERTIONS = NO;
				ENABLE_STRICT_OBJC_MSGSEND = YES;
				GCC_C_LANGUAGE_STANDARD = gnu99;
				GCC_NO_COMMON_BLOCKS = YES;
				GCC_WARN_64_TO_32_BIT_CONVERSION = YES;
				GCC_WARN_ABOUT_RETURN_TYPE = YES_ERROR;
				GCC_WARN_UNDECLARED_SELECTOR = YES;
				GCC_WARN_UNINITIALIZED_AUTOS = YES_AGGRESSIVE;
				GCC_WARN_UNUSED_FUNCTION = YES;
				GCC_WARN_UNUSED_VARIABLE = YES;
				IPHONEOS_DEPLOYMENT_TARGET = 9.3;
				MTL_ENABLE_DEBUG_INFO = NO;
				SDKROOT = iphoneos;
				TARGETED_DEVICE_FAMILY = "1,2";
				VALIDATE_PRODUCT = YES;
			};
			name = Release;
		};
		2E16FBCC1EB2509A00F8E69E /* Debug */ = {
			isa = XCBuildConfiguration;
			buildSettings = {
				ASSETCATALOG_COMPILER_APPICON_NAME = AppIcon;
				INFOPLIST_FILE = "EVA3_1-TAB_CONTROLLER/Info.plist";
				LD_RUNPATH_SEARCH_PATHS = "$(inherited) @executable_path/Frameworks";
				PRODUCT_BUNDLE_IDENTIFIER = "com.miguel-angel.constrains.EVA3-1-TAB-CONTROLLER";
				PRODUCT_NAME = "$(TARGET_NAME)";
			};
			name = Debug;
		};
		2E16FBCD1EB2509A00F8E69E /* Release */ = {
			isa = XCBuildConfiguration;
			buildSettings = {
				ASSETCATALOG_COMPILER_APPICON_NAME = AppIcon;
				INFOPLIST_FILE = "EVA3_1-TAB_CONTROLLER/Info.plist";
				LD_RUNPATH_SEARCH_PATHS = "$(inherited) @executable_path/Frameworks";
				PRODUCT_BUNDLE_IDENTIFIER = "com.miguel-angel.constrains.EVA3-1-TAB-CONTROLLER";
				PRODUCT_NAME = "$(TARGET_NAME)";
			};
			name = Release;
		};
		2E16FBCF1EB2509A00F8E69E /* Debug */ = {
			isa = XCBuildConfiguration;
			buildSettings = {
				BUNDLE_LOADER = "$(TEST_HOST)";
				INFOPLIST_FILE = "EVA3_1-TAB_CONTROLLERTests/Info.plist";
				LD_RUNPATH_SEARCH_PATHS = "$(inherited) @executable_path/Frameworks @loader_path/Frameworks";
				PRODUCT_BUNDLE_IDENTIFIER = "com.miguel-angel.constrains.EVA3-1-TAB-CONTROLLERTests";
				PRODUCT_NAME = "$(TARGET_NAME)";
				TEST_HOST = "$(BUILT_PRODUCTS_DIR)/EVA3_1-TAB_CONTROLLER.app/EVA3_1-TAB_CONTROLLER";
			};
			name = Debug;
		};
		2E16FBD01EB2509A00F8E69E /* Release */ = {
			isa = XCBuildConfiguration;
			buildSettings = {
				BUNDLE_LOADER = "$(TEST_HOST)";
				INFOPLIST_FILE = "EVA3_1-TAB_CONTROLLERTests/Info.plist";
				LD_RUNPATH_SEARCH_PATHS = "$(inherited) @executable_path/Frameworks @loader_path/Frameworks";
				PRODUCT_BUNDLE_IDENTIFIER = "com.miguel-angel.constrains.EVA3-1-TAB-CONTROLLERTests";
				PRODUCT_NAME = "$(TARGET_NAME)";
				TEST_HOST = "$(BUILT_PRODUCTS_DIR)/EVA3_1-TAB_CONTROLLER.app/EVA3_1-TAB_CONTROLLER";
			};
			name = Release;
		};
		2E16FBD21EB2509A00F8E69E /* Debug */ = {
			isa = XCBuildConfiguration;
			buildSettings = {
				INFOPLIST_FILE = "EVA3_1-TAB_CONTROLLERUITests/Info.plist";
				LD_RUNPATH_SEARCH_PATHS = "$(inherited) @executable_path/Frameworks @loader_path/Frameworks";
				PRODUCT_BUNDLE_IDENTIFIER = "com.miguel-angel.constrains.EVA3-1-TAB-CONTROLLERUITests";
				PRODUCT_NAME = "$(TARGET_NAME)";
				TEST_TARGET_NAME = "EVA3_1-TAB_CONTROLLER";
			};
			name = Debug;
		};
		2E16FBD31EB2509A00F8E69E /* Release */ = {
			isa = XCBuildConfiguration;
			buildSettings = {
				INFOPLIST_FILE = "EVA3_1-TAB_CONTROLLERUITests/Info.plist";
				LD_RUNPATH_SEARCH_PATHS = "$(inherited) @executable_path/Frameworks @loader_path/Frameworks";
				PRODUCT_BUNDLE_IDENTIFIER = "com.miguel-angel.constrains.EVA3-1-TAB-CONTROLLERUITests";
				PRODUCT_NAME = "$(TARGET_NAME)";
				TEST_TARGET_NAME = "EVA3_1-TAB_CONTROLLER";
			};
			name = Release;
		};
/* End XCBuildConfiguration section */

/* Begin XCConfigurationList section */
		2E16FB9E1EB2509900F8E69E /* Build configuration list for PBXProject "EVA3_1-TAB_CONTROLLER" */ = {
			isa = XCConfigurationList;
			buildConfigurations = (
				2E16FBC91EB2509A00F8E69E /* Debug */,
				2E16FBCA1EB2509A00F8E69E /* Release */,
			);
			defaultConfigurationIsVisible = 0;
			defaultConfigurationName = Release;
		};
		2E16FBCB1EB2509A00F8E69E /* Build configuration list for PBXNativeTarget "EVA3_1-TAB_CONTROLLER" */ = {
			isa = XCConfigurationList;
			buildConfigurations = (
				2E16FBCC1EB2509A00F8E69E /* Debug */,
				2E16FBCD1EB2509A00F8E69E /* Release */,
			);
			defaultConfigurationIsVisible = 0;
		};
		2E16FBCE1EB2509A00F8E69E /* Build configuration list for PBXNativeTarget "EVA3_1-TAB_CONTROLLERTests" */ = {
			isa = XCConfigurationList;
			buildConfigurations = (
				2E16FBCF1EB2509A00F8E69E /* Debug */,
				2E16FBD01EB2509A00F8E69E /* Release */,
			);
			defaultConfigurationIsVisible = 0;
		};
		2E16FBD11EB2509A00F8E69E /* Build configuration list for PBXNativeTarget "EVA3_1-TAB_CONTROLLERUITests" */ = {
			isa = XCConfigurationList;
			buildConfigurations = (
				2E16FBD21EB2509A00F8E69E /* Debug */,
				2E16FBD31EB2509A00F8E69E /* Release */,
			);
			defaultConfigurationIsVisible = 0;
		};
/* End XCConfigurationList section */
	};
	rootObject = 2E16FB9B1EB2509900F8E69E /* Project object */;
}
