// !$*UTF8*$!
{
	archiveVersion = 1;
	classes = {
	};
	objectVersion = 46;
	objects = {

/* Begin PBXBuildFile section */
		2E559CDB1EC223730053301B /* AppDelegate.swift in Sources */ = {isa = PBXBuildFile; fileRef = 2E559CDA1EC223730053301B /* AppDelegate.swift */; };
		2E559CDD1EC223730053301B /* ViewController.swift in Sources */ = {isa = PBXBuildFile; fileRef = 2E559CDC1EC223730053301B /* ViewController.swift */; };
		2E559CE01EC223730053301B /* Main.storyboard in Resources */ = {isa = PBXBuildFile; fileRef = 2E559CDE1EC223730053301B /* Main.storyboard */; };
		2E559CE21EC223730053301B /* Assets.xcassets in Resources */ = {isa = PBXBuildFile; fileRef = 2E559CE11EC223730053301B /* Assets.xcassets */; };
		2E559CE51EC223730053301B /* LaunchScreen.storyboard in Resources */ = {isa = PBXBuildFile; fileRef = 2E559CE31EC223730053301B /* LaunchScreen.storyboard */; };
		2E559CF01EC223730053301B /* EVA3_6_PERCISTENCIA2Tests.swift in Sources */ = {isa = PBXBuildFile; fileRef = 2E559CEF1EC223730053301B /* EVA3_6_PERCISTENCIA2Tests.swift */; };
		2E559CFB1EC223730053301B /* EVA3_6_PERCISTENCIA2UITests.swift in Sources */ = {isa = PBXBuildFile; fileRef = 2E559CFA1EC223730053301B /* EVA3_6_PERCISTENCIA2UITests.swift */; };
/* End PBXBuildFile section */

/* Begin PBXContainerItemProxy section */
		2E559CEC1EC223730053301B /* PBXContainerItemProxy */ = {
			isa = PBXContainerItemProxy;
			containerPortal = 2E559CCF1EC223720053301B /* Project object */;
			proxyType = 1;
			remoteGlobalIDString = 2E559CD61EC223720053301B;
			remoteInfo = EVA3_6_PERCISTENCIA2;
		};
		2E559CF71EC223730053301B /* PBXContainerItemProxy */ = {
			isa = PBXContainerItemProxy;
			containerPortal = 2E559CCF1EC223720053301B /* Project object */;
			proxyType = 1;
			remoteGlobalIDString = 2E559CD61EC223720053301B;
			remoteInfo = EVA3_6_PERCISTENCIA2;
		};
/* End PBXContainerItemProxy section */

/* Begin PBXFileReference section */
		2E559CD71EC223720053301B /* EVA3_6_PERCISTENCIA2.app */ = {isa = PBXFileReference; explicitFileType = wrapper.application; includeInIndex = 0; path = EVA3_6_PERCISTENCIA2.app; sourceTree = BUILT_PRODUCTS_DIR; };
		2E559CDA1EC223730053301B /* AppDelegate.swift */ = {isa = PBXFileReference; lastKnownFileType = sourcecode.swift; path = AppDelegate.swift; sourceTree = "<group>"; };
		2E559CDC1EC223730053301B /* ViewController.swift */ = {isa = PBXFileReference; lastKnownFileType = sourcecode.swift; path = ViewController.swift; sourceTree = "<group>"; };
		2E559CDF1EC223730053301B /* Base */ = {isa = PBXFileReference; lastKnownFileType = file.storyboard; name = Base; path = Base.lproj/Main.storyboard; sourceTree = "<group>"; };
		2E559CE11EC223730053301B /* Assets.xcassets */ = {isa = PBXFileReference; lastKnownFileType = folder.assetcatalog; path = Assets.xcassets; sourceTree = "<group>"; };
		2E559CE41EC223730053301B /* Base */ = {isa = PBXFileReference; lastKnownFileType = file.storyboard; name = Base; path = Base.lproj/LaunchScreen.storyboard; sourceTree = "<group>"; };
		2E559CE61EC223730053301B /* Info.plist */ = {isa = PBXFileReference; lastKnownFileType = text.plist.xml; path = Info.plist; sourceTree = "<group>"; };
		2E559CEB1EC223730053301B /* EVA3_6_PERCISTENCIA2Tests.xctest */ = {isa = PBXFileReference; explicitFileType = wrapper.cfbundle; includeInIndex = 0; path = EVA3_6_PERCISTENCIA2Tests.xctest; sourceTree = BUILT_PRODUCTS_DIR; };
		2E559CEF1EC223730053301B /* EVA3_6_PERCISTENCIA2Tests.swift */ = {isa = PBXFileReference; lastKnownFileType = sourcecode.swift; path = EVA3_6_PERCISTENCIA2Tests.swift; sourceTree = "<group>"; };
		2E559CF11EC223730053301B /* Info.plist */ = {isa = PBXFileReference; lastKnownFileType = text.plist.xml; path = Info.plist; sourceTree = "<group>"; };
		2E559CF61EC223730053301B /* EVA3_6_PERCISTENCIA2UITests.xctest */ = {isa = PBXFileReference; explicitFileType = wrapper.cfbundle; includeInIndex = 0; path = EVA3_6_PERCISTENCIA2UITests.xctest; sourceTree = BUILT_PRODUCTS_DIR; };
		2E559CFA1EC223730053301B /* EVA3_6_PERCISTENCIA2UITests.swift */ = {isa = PBXFileReference; lastKnownFileType = sourcecode.swift; path = EVA3_6_PERCISTENCIA2UITests.swift; sourceTree = "<group>"; };
		2E559CFC1EC223730053301B /* Info.plist */ = {isa = PBXFileReference; lastKnownFileType = text.plist.xml; path = Info.plist; sourceTree = "<group>"; };
/* End PBXFileReference section */

/* Begin PBXFrameworksBuildPhase section */
		2E559CD41EC223720053301B /* Frameworks */ = {
			isa = PBXFrameworksBuildPhase;
			buildActionMask = 2147483647;
			files = (
			);
			runOnlyForDeploymentPostprocessing = 0;
		};
		2E559CE81EC223730053301B /* Frameworks */ = {
			isa = PBXFrameworksBuildPhase;
			buildActionMask = 2147483647;
			files = (
			);
			runOnlyForDeploymentPostprocessing = 0;
		};
		2E559CF31EC223730053301B /* Frameworks */ = {
			isa = PBXFrameworksBuildPhase;
			buildActionMask = 2147483647;
			files = (
			);
			runOnlyForDeploymentPostprocessing = 0;
		};
/* End PBXFrameworksBuildPhase section */

/* Begin PBXGroup section */
		2E559CCE1EC223720053301B = {
			isa = PBXGroup;
			children = (
				2E559CD91EC223720053301B /* EVA3_6_PERCISTENCIA2 */,
				2E559CEE1EC223730053301B /* EVA3_6_PERCISTENCIA2Tests */,
				2E559CF91EC223730053301B /* EVA3_6_PERCISTENCIA2UITests */,
				2E559CD81EC223720053301B /* Products */,
			);
			sourceTree = "<group>";
		};
		2E559CD81EC223720053301B /* Products */ = {
			isa = PBXGroup;
			children = (
				2E559CD71EC223720053301B /* EVA3_6_PERCISTENCIA2.app */,
				2E559CEB1EC223730053301B /* EVA3_6_PERCISTENCIA2Tests.xctest */,
				2E559CF61EC223730053301B /* EVA3_6_PERCISTENCIA2UITests.xctest */,
			);
			name = Products;
			sourceTree = "<group>";
		};
		2E559CD91EC223720053301B /* EVA3_6_PERCISTENCIA2 */ = {
			isa = PBXGroup;
			children = (
				2E559CDA1EC223730053301B /* AppDelegate.swift */,
				2E559CDC1EC223730053301B /* ViewController.swift */,
				2E559CDE1EC223730053301B /* Main.storyboard */,
				2E559CE11EC223730053301B /* Assets.xcassets */,
				2E559CE31EC223730053301B /* LaunchScreen.storyboard */,
				2E559CE61EC223730053301B /* Info.plist */,
			);
			path = EVA3_6_PERCISTENCIA2;
			sourceTree = "<group>";
		};
		2E559CEE1EC223730053301B /* EVA3_6_PERCISTENCIA2Tests */ = {
			isa = PBXGroup;
			children = (
				2E559CEF1EC223730053301B /* EVA3_6_PERCISTENCIA2Tests.swift */,
				2E559CF11EC223730053301B /* Info.plist */,
			);
			path = EVA3_6_PERCISTENCIA2Tests;
			sourceTree = "<group>";
		};
		2E559CF91EC223730053301B /* EVA3_6_PERCISTENCIA2UITests */ = {
			isa = PBXGroup;
			children = (
				2E559CFA1EC223730053301B /* EVA3_6_PERCISTENCIA2UITests.swift */,
				2E559CFC1EC223730053301B /* Info.plist */,
			);
			path = EVA3_6_PERCISTENCIA2UITests;
			sourceTree = "<group>";
		};
/* End PBXGroup section */

/* Begin PBXNativeTarget section */
		2E559CD61EC223720053301B /* EVA3_6_PERCISTENCIA2 */ = {
			isa = PBXNativeTarget;
			buildConfigurationList = 2E559CFF1EC223730053301B /* Build configuration list for PBXNativeTarget "EVA3_6_PERCISTENCIA2" */;
			buildPhases = (
				2E559CD31EC223720053301B /* Sources */,
				2E559CD41EC223720053301B /* Frameworks */,
				2E559CD51EC223720053301B /* Resources */,
			);
			buildRules = (
			);
			dependencies = (
			);
			name = EVA3_6_PERCISTENCIA2;
			productName = EVA3_6_PERCISTENCIA2;
			productReference = 2E559CD71EC223720053301B /* EVA3_6_PERCISTENCIA2.app */;
			productType = "com.apple.product-type.application";
		};
		2E559CEA1EC223730053301B /* EVA3_6_PERCISTENCIA2Tests */ = {
			isa = PBXNativeTarget;
			buildConfigurationList = 2E559D021EC223730053301B /* Build configuration list for PBXNativeTarget "EVA3_6_PERCISTENCIA2Tests" */;
			buildPhases = (
				2E559CE71EC223730053301B /* Sources */,
				2E559CE81EC223730053301B /* Frameworks */,
				2E559CE91EC223730053301B /* Resources */,
			);
			buildRules = (
			);
			dependencies = (
				2E559CED1EC223730053301B /* PBXTargetDependency */,
			);
			name = EVA3_6_PERCISTENCIA2Tests;
			productName = EVA3_6_PERCISTENCIA2Tests;
			productReference = 2E559CEB1EC223730053301B /* EVA3_6_PERCISTENCIA2Tests.xctest */;
			productType = "com.apple.product-type.bundle.unit-test";
		};
		2E559CF51EC223730053301B /* EVA3_6_PERCISTENCIA2UITests */ = {
			isa = PBXNativeTarget;
			buildConfigurationList = 2E559D051EC223730053301B /* Build configuration list for PBXNativeTarget "EVA3_6_PERCISTENCIA2UITests" */;
			buildPhases = (
				2E559CF21EC223730053301B /* Sources */,
				2E559CF31EC223730053301B /* Frameworks */,
				2E559CF41EC223730053301B /* Resources */,
			);
			buildRules = (
			);
			dependencies = (
				2E559CF81EC223730053301B /* PBXTargetDependency */,
			);
			name = EVA3_6_PERCISTENCIA2UITests;
			productName = EVA3_6_PERCISTENCIA2UITests;
			productReference = 2E559CF61EC223730053301B /* EVA3_6_PERCISTENCIA2UITests.xctest */;
			productType = "com.apple.product-type.bundle.ui-testing";
		};
/* End PBXNativeTarget section */

/* Begin PBXProject section */
		2E559CCF1EC223720053301B /* Project object */ = {
			isa = PBXProject;
			attributes = {
				LastSwiftUpdateCheck = 0730;
				LastUpgradeCheck = 0730;
				ORGANIZATIONNAME = "MIGUEL ANGEL";
				TargetAttributes = {
					2E559CD61EC223720053301B = {
						CreatedOnToolsVersion = 7.3.1;
					};
					2E559CEA1EC223730053301B = {
						CreatedOnToolsVersion = 7.3.1;
						TestTargetID = 2E559CD61EC223720053301B;
					};
					2E559CF51EC223730053301B = {
						CreatedOnToolsVersion = 7.3.1;
						TestTargetID = 2E559CD61EC223720053301B;
					};
				};
			};
			buildConfigurationList = 2E559CD21EC223720053301B /* Build configuration list for PBXProject "EVA3_6_PERCISTENCIA2" */;
			compatibilityVersion = "Xcode 3.2";
			developmentRegion = English;
			hasScannedForEncodings = 0;
			knownRegions = (
				en,
				Base,
			);
			mainGroup = 2E559CCE1EC223720053301B;
			productRefGroup = 2E559CD81EC223720053301B /* Products */;
			projectDirPath = "";
			projectRoot = "";
			targets = (
				2E559CD61EC223720053301B /* EVA3_6_PERCISTENCIA2 */,
				2E559CEA1EC223730053301B /* EVA3_6_PERCISTENCIA2Tests */,
				2E559CF51EC223730053301B /* EVA3_6_PERCISTENCIA2UITests */,
			);
		};
/* End PBXProject section */

/* Begin PBXResourcesBuildPhase section */
		2E559CD51EC223720053301B /* Resources */ = {
			isa = PBXResourcesBuildPhase;
			buildActionMask = 2147483647;
			files = (
				2E559CE51EC223730053301B /* LaunchScreen.storyboard in Resources */,
				2E559CE21EC223730053301B /* Assets.xcassets in Resources */,
				2E559CE01EC223730053301B /* Main.storyboard in Resources */,
			);
			runOnlyForDeploymentPostprocessing = 0;
		};
		2E559CE91EC223730053301B /* Resources */ = {
			isa = PBXResourcesBuildPhase;
			buildActionMask = 2147483647;
			files = (
			);
			runOnlyForDeploymentPostprocessing = 0;
		};
		2E559CF41EC223730053301B /* Resources */ = {
			isa = PBXResourcesBuildPhase;
			buildActionMask = 2147483647;
			files = (
			);
			runOnlyForDeploymentPostprocessing = 0;
		};
/* End PBXResourcesBuildPhase section */

/* Begin PBXSourcesBuildPhase section */
		2E559CD31EC223720053301B /* Sources */ = {
			isa = PBXSourcesBuildPhase;
			buildActionMask = 2147483647;
			files = (
				2E559CDD1EC223730053301B /* ViewController.swift in Sources */,
				2E559CDB1EC223730053301B /* AppDelegate.swift in Sources */,
			);
			runOnlyForDeploymentPostprocessing = 0;
		};
		2E559CE71EC223730053301B /* Sources */ = {
			isa = PBXSourcesBuildPhase;
			buildActionMask = 2147483647;
			files = (
				2E559CF01EC223730053301B /* EVA3_6_PERCISTENCIA2Tests.swift in Sources */,
			);
			runOnlyForDeploymentPostprocessing = 0;
		};
		2E559CF21EC223730053301B /* Sources */ = {
			isa = PBXSourcesBuildPhase;
			buildActionMask = 2147483647;
			files = (
				2E559CFB1EC223730053301B /* EVA3_6_PERCISTENCIA2UITests.swift in Sources */,
			);
			runOnlyForDeploymentPostprocessing = 0;
		};
/* End PBXSourcesBuildPhase section */

/* Begin PBXTargetDependency section */
		2E559CED1EC223730053301B /* PBXTargetDependency */ = {
			isa = PBXTargetDependency;
			target = 2E559CD61EC223720053301B /* EVA3_6_PERCISTENCIA2 */;
			targetProxy = 2E559CEC1EC223730053301B /* PBXContainerItemProxy */;
		};
		2E559CF81EC223730053301B /* PBXTargetDependency */ = {
			isa = PBXTargetDependency;
			target = 2E559CD61EC223720053301B /* EVA3_6_PERCISTENCIA2 */;
			targetProxy = 2E559CF71EC223730053301B /* PBXContainerItemProxy */;
		};
/* End PBXTargetDependency section */

/* Begin PBXVariantGroup section */
		2E559CDE1EC223730053301B /* Main.storyboard */ = {
			isa = PBXVariantGroup;
			children = (
				2E559CDF1EC223730053301B /* Base */,
			);
			name = Main.storyboard;
			sourceTree = "<group>";
		};
		2E559CE31EC223730053301B /* LaunchScreen.storyboard */ = {
			isa = PBXVariantGroup;
			children = (
				2E559CE41EC223730053301B /* Base */,
			);
			name = LaunchScreen.storyboard;
			sourceTree = "<group>";
		};
/* End PBXVariantGroup section */

/* Begin XCBuildConfiguration section */
		2E559CFD1EC223730053301B /* Debug */ = {
			isa = XCBuildConfiguration;
			buildSettings = {
				ALWAYS_SEARCH_USER_PATHS = NO;
				CLANG_ANALYZER_NONNULL = YES;
				CLANG_CXX_LANGUAGE_STANDARD = "gnu++0x";
				CLANG_CXX_LIBRARY = "libc++";
				CLANG_ENABLE_MODULES = YES;
				CLANG_ENABLE_OBJC_ARC = YES;
				CLANG_WARN_BOOL_CONVERSION = YES;
				CLANG_WARN_CONSTANT_CONVERSION = YES;
				CLANG_WARN_DIRECT_OBJC_ISA_USAGE = YES_ERROR;
				CLANG_WARN_EMPTY_BODY = YES;
				CLANG_WARN_ENUM_CONVERSION = YES;
				CLANG_WARN_INT_CONVERSION = YES;
				CLANG_WARN_OBJC_ROOT_CLASS = YES_ERROR;
				CLANG_WARN_UNREACHABLE_CODE = YES;
				CLANG_WARN__DUPLICATE_METHOD_MATCH = YES;
				"CODE_SIGN_IDENTITY[sdk=iphoneos*]" = "iPhone Developer";
				COPY_PHASE_STRIP = NO;
				DEBUG_INFORMATION_FORMAT = dwarf;
				ENABLE_STRICT_OBJC_MSGSEND = YES;
				ENABLE_TESTABILITY = YES;
				GCC_C_LANGUAGE_STANDARD = gnu99;
				GCC_DYNAMIC_NO_PIC = NO;
				GCC_NO_COMMON_BLOCKS = YES;
				GCC_OPTIMIZATION_LEVEL = 0;
				GCC_PREPROCESSOR_DEFINITIONS = (
					"DEBUG=1",
					"$(inherited)",
				);
				GCC_WARN_64_TO_32_BIT_CONVERSION = YES;
				GCC_WARN_ABOUT_RETURN_TYPE = YES_ERROR;
				GCC_WARN_UNDECLARED_SELECTOR = YES;
				GCC_WARN_UNINITIALIZED_AUTOS = YES_AGGRESSIVE;
				GCC_WARN_UNUSED_FUNCTION = YES;
				GCC_WARN_UNUSED_VARIABLE = YES;
				IPHONEOS_DEPLOYMENT_TARGET = 9.3;
				MTL_ENABLE_DEBUG_INFO = YES;
				ONLY_ACTIVE_ARCH = YES;
				SDKROOT = iphoneos;
				SWIFT_OPTIMIZATION_LEVEL = "-Onone";
				TARGETED_DEVICE_FAMILY = "1,2";
			};
			name = Debug;
		};
		2E559CFE1EC223730053301B /* Release */ = {
			isa = XCBuildConfiguration;
			buildSettings = {
				ALWAYS_SEARCH_USER_PATHS = NO;
				CLANG_ANALYZER_NONNULL = YES;
				CLANG_CXX_LANGUAGE_STANDARD = "gnu++0x";
				CLANG_CXX_LIBRARY = "libc++";
				CLANG_ENABLE_MODULES = YES;
				CLANG_ENABLE_OBJC_ARC = YES;
				CLANG_WARN_BOOL_CONVERSION = YES;
				CLANG_WARN_CONSTANT_CONVERSION = YES;
				CLANG_WARN_DIRECT_OBJC_ISA_USAGE = YES_ERROR;
				CLANG_WARN_EMPTY_BODY = YES;
				CLANG_WARN_ENUM_CONVERSION = YES;
				CLANG_WARN_INT_CONVERSION = YES;
				CLANG_WARN_OBJC_ROOT_CLASS = YES_ERROR;
				CLANG_WARN_UNREACHABLE_CODE = YES;
				CLANG_WARN__DUPLICATE_METHOD_MATCH = YES;
				"CODE_SIGN_IDENTITY[sdk=iphoneos*]" = "iPhone Developer";
				COPY_PHASE_STRIP = NO;
				DEBUG_INFORMATION_FORMAT = "dwarf-with-dsym";
				ENABLE_NS_ASSERTIONS = NO;
				ENABLE_STRICT_OBJC_MSGSEND = YES;
				GCC_C_LANGUAGE_STANDARD = gnu99;
				GCC_NO_COMMON_BLOCKS = YES;
				GCC_WARN_64_TO_32_BIT_CONVERSION = YES;
				GCC_WARN_ABOUT_RETURN_TYPE = YES_ERROR;
				GCC_WARN_UNDECLARED_SELECTOR = YES;
				GCC_WARN_UNINITIALIZED_AUTOS = YES_AGGRESSIVE;
				GCC_WARN_UNUSED_FUNCTION = YES;
				GCC_WARN_UNUSED_VARIABLE = YES;
				IPHONEOS_DEPLOYMENT_TARGET = 9.3;
				MTL_ENABLE_DEBUG_INFO = NO;
				SDKROOT = iphoneos;
				TARGETED_DEVICE_FAMILY = "1,2";
				VALIDATE_PRODUCT = YES;
			};
			name = Release;
		};
		2E559D001EC223730053301B /* Debug */ = {
			isa = XCBuildConfiguration;
			buildSettings = {
				ASSETCATALOG_COMPILER_APPICON_NAME = AppIcon;
				INFOPLIST_FILE = EVA3_6_PERCISTENCIA2/Info.plist;
				LD_RUNPATH_SEARCH_PATHS = "$(inherited) @executable_path/Frameworks";
				PRODUCT_BUNDLE_IDENTIFIER = "com.miguel-angel.constrains.EVA3-6-PERCISTENCIA2";
				PRODUCT_NAME = "$(TARGET_NAME)";
			};
			name = Debug;
		};
		2E559D011EC223730053301B /* Release */ = {
			isa = XCBuildConfiguration;
			buildSettings = {
				ASSETCATALOG_COMPILER_APPICON_NAME = AppIcon;
				INFOPLIST_FILE = EVA3_6_PERCISTENCIA2/Info.plist;
				LD_RUNPATH_SEARCH_PATHS = "$(inherited) @executable_path/Frameworks";
				PRODUCT_BUNDLE_IDENTIFIER = "com.miguel-angel.constrains.EVA3-6-PERCISTENCIA2";
				PRODUCT_NAME = "$(TARGET_NAME)";
			};
			name = Release;
		};
		2E559D031EC223730053301B /* Debug */ = {
			isa = XCBuildConfiguration;
			buildSettings = {
				BUNDLE_LOADER = "$(TEST_HOST)";
				INFOPLIST_FILE = EVA3_6_PERCISTENCIA2Tests/Info.plist;
				LD_RUNPATH_SEARCH_PATHS = "$(inherited) @executable_path/Frameworks @loader_path/Frameworks";
				PRODUCT_BUNDLE_IDENTIFIER = "com.miguel-angel.constrains.EVA3-6-PERCISTENCIA2Tests";
				PRODUCT_NAME = "$(TARGET_NAME)";
				TEST_HOST = "$(BUILT_PRODUCTS_DIR)/EVA3_6_PERCISTENCIA2.app/EVA3_6_PERCISTENCIA2";
			};
			name = Debug;
		};
		2E559D041EC223730053301B /* Release */ = {
			isa = XCBuildConfiguration;
			buildSettings = {
				BUNDLE_LOADER = "$(TEST_HOST)";
				INFOPLIST_FILE = EVA3_6_PERCISTENCIA2Tests/Info.plist;
				LD_RUNPATH_SEARCH_PATHS = "$(inherited) @executable_path/Frameworks @loader_path/Frameworks";
				PRODUCT_BUNDLE_IDENTIFIER = "com.miguel-angel.constrains.EVA3-6-PERCISTENCIA2Tests";
				PRODUCT_NAME = "$(TARGET_NAME)";
				TEST_HOST = "$(BUILT_PRODUCTS_DIR)/EVA3_6_PERCISTENCIA2.app/EVA3_6_PERCISTENCIA2";
			};
			name = Release;
		};
		2E559D061EC223730053301B /* Debug */ = {
			isa = XCBuildConfiguration;
			buildSettings = {
				INFOPLIST_FILE = EVA3_6_PERCISTENCIA2UITests/Info.plist;
				LD_RUNPATH_SEARCH_PATHS = "$(inherited) @executable_path/Frameworks @loader_path/Frameworks";
				PRODUCT_BUNDLE_IDENTIFIER = "com.miguel-angel.constrains.EVA3-6-PERCISTENCIA2UITests";
				PRODUCT_NAME = "$(TARGET_NAME)";
				TEST_TARGET_NAME = EVA3_6_PERCISTENCIA2;
			};
			name = Debug;
		};
		2E559D071EC223730053301B /* Release */ = {
			isa = XCBuildConfiguration;
			buildSettings = {
				INFOPLIST_FILE = EVA3_6_PERCISTENCIA2UITests/Info.plist;
				LD_RUNPATH_SEARCH_PATHS = "$(inherited) @executable_path/Frameworks @loader_path/Frameworks";
				PRODUCT_BUNDLE_IDENTIFIER = "com.miguel-angel.constrains.EVA3-6-PERCISTENCIA2UITests";
				PRODUCT_NAME = "$(TARGET_NAME)";
				TEST_TARGET_NAME = EVA3_6_PERCISTENCIA2;
			};
			name = Release;
		};
/* End XCBuildConfiguration section */

/* Begin XCConfigurationList section */
		2E559CD21EC223720053301B /* Build configuration list for PBXProject "EVA3_6_PERCISTENCIA2" */ = {
			isa = XCConfigurationList;
			buildConfigurations = (
				2E559CFD1EC223730053301B /* Debug */,
				2E559CFE1EC223730053301B /* Release */,
			);
			defaultConfigurationIsVisible = 0;
			defaultConfigurationName = Release;
		};
		2E559CFF1EC223730053301B /* Build configuration list for PBXNativeTarget "EVA3_6_PERCISTENCIA2" */ = {
			isa = XCConfigurationList;
			buildConfigurations = (
				2E559D001EC223730053301B /* Debug */,
				2E559D011EC223730053301B /* Release */,
			);
			defaultConfigurationIsVisible = 0;
		};
		2E559D021EC223730053301B /* Build configuration list for PBXNativeTarget "EVA3_6_PERCISTENCIA2Tests" */ = {
			isa = XCConfigurationList;
			buildConfigurations = (
				2E559D031EC223730053301B /* Debug */,
				2E559D041EC223730053301B /* Release */,
			);
			defaultConfigurationIsVisible = 0;
		};
		2E559D051EC223730053301B /* Build configuration list for PBXNativeTarget "EVA3_6_PERCISTENCIA2UITests" */ = {
			isa = XCConfigurationList;
			buildConfigurations = (
				2E559D061EC223730053301B /* Debug */,
				2E559D071EC223730053301B /* Release */,
			);
			defaultConfigurationIsVisible = 0;
		};
/* End XCConfigurationList section */
	};
	rootObject = 2E559CCF1EC223720053301B /* Project object */;
}
