// !$*UTF8*$!
{
	archiveVersion = 1;
	classes = {
	};
	objectVersion = 46;
	objects = {

/* Begin PBXBuildFile section */
		2E31813B1EBA3D4B0015DCDC /* AppDelegate.swift in Sources */ = {isa = PBXBuildFile; fileRef = 2E31813A1EBA3D4B0015DCDC /* AppDelegate.swift */; };
		2E31813D1EBA3D4B0015DCDC /* ViewController.swift in Sources */ = {isa = PBXBuildFile; fileRef = 2E31813C1EBA3D4B0015DCDC /* ViewController.swift */; };
		2E3181401EBA3D4B0015DCDC /* Main.storyboard in Resources */ = {isa = PBXBuildFile; fileRef = 2E31813E1EBA3D4B0015DCDC /* Main.storyboard */; };
		2E3181421EBA3D4C0015DCDC /* Assets.xcassets in Resources */ = {isa = PBXBuildFile; fileRef = 2E3181411EBA3D4C0015DCDC /* Assets.xcassets */; };
		2E3181451EBA3D4C0015DCDC /* LaunchScreen.storyboard in Resources */ = {isa = PBXBuildFile; fileRef = 2E3181431EBA3D4C0015DCDC /* LaunchScreen.storyboard */; };
		2E3181501EBA3D4C0015DCDC /* EVA3_MULTI_VIEW_A_PATINTests.swift in Sources */ = {isa = PBXBuildFile; fileRef = 2E31814F1EBA3D4C0015DCDC /* EVA3_MULTI_VIEW_A_PATINTests.swift */; };
		2E31815B1EBA3D4C0015DCDC /* EVA3_MULTI_VIEW_A_PATINUITests.swift in Sources */ = {isa = PBXBuildFile; fileRef = 2E31815A1EBA3D4C0015DCDC /* EVA3_MULTI_VIEW_A_PATINUITests.swift */; };
		2E3181691EBA3E2B0015DCDC /* UnoViewController.swift in Sources */ = {isa = PBXBuildFile; fileRef = 2E3181681EBA3E2B0015DCDC /* UnoViewController.swift */; };
		2E31816B1EBA3E540015DCDC /* DosViewController.swift in Sources */ = {isa = PBXBuildFile; fileRef = 2E31816A1EBA3E540015DCDC /* DosViewController.swift */; };
/* End PBXBuildFile section */

/* Begin PBXContainerItemProxy section */
		2E31814C1EBA3D4C0015DCDC /* PBXContainerItemProxy */ = {
			isa = PBXContainerItemProxy;
			containerPortal = 2E31812F1EBA3D4B0015DCDC /* Project object */;
			proxyType = 1;
			remoteGlobalIDString = 2E3181361EBA3D4B0015DCDC;
			remoteInfo = EVA3_MULTI_VIEW_A_PATIN;
		};
		2E3181571EBA3D4C0015DCDC /* PBXContainerItemProxy */ = {
			isa = PBXContainerItemProxy;
			containerPortal = 2E31812F1EBA3D4B0015DCDC /* Project object */;
			proxyType = 1;
			remoteGlobalIDString = 2E3181361EBA3D4B0015DCDC;
			remoteInfo = EVA3_MULTI_VIEW_A_PATIN;
		};
/* End PBXContainerItemProxy section */

/* Begin PBXFileReference section */
		2E3181371EBA3D4B0015DCDC /* EVA3_MULTI_VIEW_A_PATIN.app */ = {isa = PBXFileReference; explicitFileType = wrapper.application; includeInIndex = 0; path = EVA3_MULTI_VIEW_A_PATIN.app; sourceTree = BUILT_PRODUCTS_DIR; };
		2E31813A1EBA3D4B0015DCDC /* AppDelegate.swift */ = {isa = PBXFileReference; lastKnownFileType = sourcecode.swift; path = AppDelegate.swift; sourceTree = "<group>"; };
		2E31813C1EBA3D4B0015DCDC /* ViewController.swift */ = {isa = PBXFileReference; lastKnownFileType = sourcecode.swift; path = ViewController.swift; sourceTree = "<group>"; };
		2E31813F1EBA3D4B0015DCDC /* Base */ = {isa = PBXFileReference; lastKnownFileType = file.storyboard; name = Base; path = Base.lproj/Main.storyboard; sourceTree = "<group>"; };
		2E3181411EBA3D4C0015DCDC /* Assets.xcassets */ = {isa = PBXFileReference; lastKnownFileType = folder.assetcatalog; path = Assets.xcassets; sourceTree = "<group>"; };
		2E3181441EBA3D4C0015DCDC /* Base */ = {isa = PBXFileReference; lastKnownFileType = file.storyboard; name = Base; path = Base.lproj/LaunchScreen.storyboard; sourceTree = "<group>"; };
		2E3181461EBA3D4C0015DCDC /* Info.plist */ = {isa = PBXFileReference; lastKnownFileType = text.plist.xml; path = Info.plist; sourceTree = "<group>"; };
		2E31814B1EBA3D4C0015DCDC /* EVA3_MULTI_VIEW_A_PATINTests.xctest */ = {isa = PBXFileReference; explicitFileType = wrapper.cfbundle; includeInIndex = 0; path = EVA3_MULTI_VIEW_A_PATINTests.xctest; sourceTree = BUILT_PRODUCTS_DIR; };
		2E31814F1EBA3D4C0015DCDC /* EVA3_MULTI_VIEW_A_PATINTests.swift */ = {isa = PBXFileReference; lastKnownFileType = sourcecode.swift; path = EVA3_MULTI_VIEW_A_PATINTests.swift; sourceTree = "<group>"; };
		2E3181511EBA3D4C0015DCDC /* Info.plist */ = {isa = PBXFileReference; lastKnownFileType = text.plist.xml; path = Info.plist; sourceTree = "<group>"; };
		2E3181561EBA3D4C0015DCDC /* EVA3_MULTI_VIEW_A_PATINUITests.xctest */ = {isa = PBXFileReference; explicitFileType = wrapper.cfbundle; includeInIndex = 0; path = EVA3_MULTI_VIEW_A_PATINUITests.xctest; sourceTree = BUILT_PRODUCTS_DIR; };
		2E31815A1EBA3D4C0015DCDC /* EVA3_MULTI_VIEW_A_PATINUITests.swift */ = {isa = PBXFileReference; lastKnownFileType = sourcecode.swift; path = EVA3_MULTI_VIEW_A_PATINUITests.swift; sourceTree = "<group>"; };
		2E31815C1EBA3D4C0015DCDC /* Info.plist */ = {isa = PBXFileReference; lastKnownFileType = text.plist.xml; path = Info.plist; sourceTree = "<group>"; };
		2E3181681EBA3E2B0015DCDC /* UnoViewController.swift */ = {isa = PBXFileReference; fileEncoding = 4; lastKnownFileType = sourcecode.swift; path = UnoViewController.swift; sourceTree = "<group>"; };
		2E31816A1EBA3E540015DCDC /* DosViewController.swift */ = {isa = PBXFileReference; fileEncoding = 4; lastKnownFileType = sourcecode.swift; path = DosViewController.swift; sourceTree = "<group>"; };
/* End PBXFileReference section */

/* Begin PBXFrameworksBuildPhase section */
		2E3181341EBA3D4B0015DCDC /* Frameworks */ = {
			isa = PBXFrameworksBuildPhase;
			buildActionMask = 2147483647;
			files = (
			);
			runOnlyForDeploymentPostprocessing = 0;
		};
		2E3181481EBA3D4C0015DCDC /* Frameworks */ = {
			isa = PBXFrameworksBuildPhase;
			buildActionMask = 2147483647;
			files = (
			);
			runOnlyForDeploymentPostprocessing = 0;
		};
		2E3181531EBA3D4C0015DCDC /* Frameworks */ = {
			isa = PBXFrameworksBuildPhase;
			buildActionMask = 2147483647;
			files = (
			);
			runOnlyForDeploymentPostprocessing = 0;
		};
/* End PBXFrameworksBuildPhase section */

/* Begin PBXGroup section */
		2E31812E1EBA3D4B0015DCDC = {
			isa = PBXGroup;
			children = (
				2E3181391EBA3D4B0015DCDC /* EVA3_MULTI_VIEW_A_PATIN */,
				2E31814E1EBA3D4C0015DCDC /* EVA3_MULTI_VIEW_A_PATINTests */,
				2E3181591EBA3D4C0015DCDC /* EVA3_MULTI_VIEW_A_PATINUITests */,
				2E3181381EBA3D4B0015DCDC /* Products */,
			);
			sourceTree = "<group>";
		};
		2E3181381EBA3D4B0015DCDC /* Products */ = {
			isa = PBXGroup;
			children = (
				2E3181371EBA3D4B0015DCDC /* EVA3_MULTI_VIEW_A_PATIN.app */,
				2E31814B1EBA3D4C0015DCDC /* EVA3_MULTI_VIEW_A_PATINTests.xctest */,
				2E3181561EBA3D4C0015DCDC /* EVA3_MULTI_VIEW_A_PATINUITests.xctest */,
			);
			name = Products;
			sourceTree = "<group>";
		};
		2E3181391EBA3D4B0015DCDC /* EVA3_MULTI_VIEW_A_PATIN */ = {
			isa = PBXGroup;
			children = (
				2E31813A1EBA3D4B0015DCDC /* AppDelegate.swift */,
				2E31813C1EBA3D4B0015DCDC /* ViewController.swift */,
				2E31813E1EBA3D4B0015DCDC /* Main.storyboard */,
				2E3181411EBA3D4C0015DCDC /* Assets.xcassets */,
				2E3181431EBA3D4C0015DCDC /* LaunchScreen.storyboard */,
				2E3181461EBA3D4C0015DCDC /* Info.plist */,
				2E3181681EBA3E2B0015DCDC /* UnoViewController.swift */,
				2E31816A1EBA3E540015DCDC /* DosViewController.swift */,
			);
			path = EVA3_MULTI_VIEW_A_PATIN;
			sourceTree = "<group>";
		};
		2E31814E1EBA3D4C0015DCDC /* EVA3_MULTI_VIEW_A_PATINTests */ = {
			isa = PBXGroup;
			children = (
				2E31814F1EBA3D4C0015DCDC /* EVA3_MULTI_VIEW_A_PATINTests.swift */,
				2E3181511EBA3D4C0015DCDC /* Info.plist */,
			);
			path = EVA3_MULTI_VIEW_A_PATINTests;
			sourceTree = "<group>";
		};
		2E3181591EBA3D4C0015DCDC /* EVA3_MULTI_VIEW_A_PATINUITests */ = {
			isa = PBXGroup;
			children = (
				2E31815A1EBA3D4C0015DCDC /* EVA3_MULTI_VIEW_A_PATINUITests.swift */,
				2E31815C1EBA3D4C0015DCDC /* Info.plist */,
			);
			path = EVA3_MULTI_VIEW_A_PATINUITests;
			sourceTree = "<group>";
		};
/* End PBXGroup section */

/* Begin PBXNativeTarget section */
		2E3181361EBA3D4B0015DCDC /* EVA3_MULTI_VIEW_A_PATIN */ = {
			isa = PBXNativeTarget;
			buildConfigurationList = 2E31815F1EBA3D4C0015DCDC /* Build configuration list for PBXNativeTarget "EVA3_MULTI_VIEW_A_PATIN" */;
			buildPhases = (
				2E3181331EBA3D4B0015DCDC /* Sources */,
				2E3181341EBA3D4B0015DCDC /* Frameworks */,
				2E3181351EBA3D4B0015DCDC /* Resources */,
			);
			buildRules = (
			);
			dependencies = (
			);
			name = EVA3_MULTI_VIEW_A_PATIN;
			productName = EVA3_MULTI_VIEW_A_PATIN;
			productReference = 2E3181371EBA3D4B0015DCDC /* EVA3_MULTI_VIEW_A_PATIN.app */;
			productType = "com.apple.product-type.application";
		};
		2E31814A1EBA3D4C0015DCDC /* EVA3_MULTI_VIEW_A_PATINTests */ = {
			isa = PBXNativeTarget;
			buildConfigurationList = 2E3181621EBA3D4C0015DCDC /* Build configuration list for PBXNativeTarget "EVA3_MULTI_VIEW_A_PATINTests" */;
			buildPhases = (
				2E3181471EBA3D4C0015DCDC /* Sources */,
				2E3181481EBA3D4C0015DCDC /* Frameworks */,
				2E3181491EBA3D4C0015DCDC /* Resources */,
			);
			buildRules = (
			);
			dependencies = (
				2E31814D1EBA3D4C0015DCDC /* PBXTargetDependency */,
			);
			name = EVA3_MULTI_VIEW_A_PATINTests;
			productName = EVA3_MULTI_VIEW_A_PATINTests;
			productReference = 2E31814B1EBA3D4C0015DCDC /* EVA3_MULTI_VIEW_A_PATINTests.xctest */;
			productType = "com.apple.product-type.bundle.unit-test";
		};
		2E3181551EBA3D4C0015DCDC /* EVA3_MULTI_VIEW_A_PATINUITests */ = {
			isa = PBXNativeTarget;
			buildConfigurationList = 2E3181651EBA3D4C0015DCDC /* Build configuration list for PBXNativeTarget "EVA3_MULTI_VIEW_A_PATINUITests" */;
			buildPhases = (
				2E3181521EBA3D4C0015DCDC /* Sources */,
				2E3181531EBA3D4C0015DCDC /* Frameworks */,
				2E3181541EBA3D4C0015DCDC /* Resources */,
			);
			buildRules = (
			);
			dependencies = (
				2E3181581EBA3D4C0015DCDC /* PBXTargetDependency */,
			);
			name = EVA3_MULTI_VIEW_A_PATINUITests;
			productName = EVA3_MULTI_VIEW_A_PATINUITests;
			productReference = 2E3181561EBA3D4C0015DCDC /* EVA3_MULTI_VIEW_A_PATINUITests.xctest */;
			productType = "com.apple.product-type.bundle.ui-testing";
		};
/* End PBXNativeTarget section */

/* Begin PBXProject section */
		2E31812F1EBA3D4B0015DCDC /* Project object */ = {
			isa = PBXProject;
			attributes = {
				LastSwiftUpdateCheck = 0730;
				LastUpgradeCheck = 0730;
				ORGANIZATIONNAME = "MIGUEL ANGEL";
				TargetAttributes = {
					2E3181361EBA3D4B0015DCDC = {
						CreatedOnToolsVersion = 7.3.1;
					};
					2E31814A1EBA3D4C0015DCDC = {
						CreatedOnToolsVersion = 7.3.1;
						TestTargetID = 2E3181361EBA3D4B0015DCDC;
					};
					2E3181551EBA3D4C0015DCDC = {
						CreatedOnToolsVersion = 7.3.1;
						TestTargetID = 2E3181361EBA3D4B0015DCDC;
					};
				};
			};
			buildConfigurationList = 2E3181321EBA3D4B0015DCDC /* Build configuration list for PBXProject "EVA3_MULTI_VIEW_A_PATIN" */;
			compatibilityVersion = "Xcode 3.2";
			developmentRegion = English;
			hasScannedForEncodings = 0;
			knownRegions = (
				en,
				Base,
			);
			mainGroup = 2E31812E1EBA3D4B0015DCDC;
			productRefGroup = 2E3181381EBA3D4B0015DCDC /* Products */;
			projectDirPath = "";
			projectRoot = "";
			targets = (
				2E3181361EBA3D4B0015DCDC /* EVA3_MULTI_VIEW_A_PATIN */,
				2E31814A1EBA3D4C0015DCDC /* EVA3_MULTI_VIEW_A_PATINTests */,
				2E3181551EBA3D4C0015DCDC /* EVA3_MULTI_VIEW_A_PATINUITests */,
			);
		};
/* End PBXProject section */

/* Begin PBXResourcesBuildPhase section */
		2E3181351EBA3D4B0015DCDC /* Resources */ = {
			isa = PBXResourcesBuildPhase;
			buildActionMask = 2147483647;
			files = (
				2E3181451EBA3D4C0015DCDC /* LaunchScreen.storyboard in Resources */,
				2E3181421EBA3D4C0015DCDC /* Assets.xcassets in Resources */,
				2E3181401EBA3D4B0015DCDC /* Main.storyboard in Resources */,
			);
			runOnlyForDeploymentPostprocessing = 0;
		};
		2E3181491EBA3D4C0015DCDC /* Resources */ = {
			isa = PBXResourcesBuildPhase;
			buildActionMask = 2147483647;
			files = (
			);
			runOnlyForDeploymentPostprocessing = 0;
		};
		2E3181541EBA3D4C0015DCDC /* Resources */ = {
			isa = PBXResourcesBuildPhase;
			buildActionMask = 2147483647;
			files = (
			);
			runOnlyForDeploymentPostprocessing = 0;
		};
/* End PBXResourcesBuildPhase section */

/* Begin PBXSourcesBuildPhase section */
		2E3181331EBA3D4B0015DCDC /* Sources */ = {
			isa = PBXSourcesBuildPhase;
			buildActionMask = 2147483647;
			files = (
				2E31813D1EBA3D4B0015DCDC /* ViewController.swift in Sources */,
				2E31813B1EBA3D4B0015DCDC /* AppDelegate.swift in Sources */,
				2E3181691EBA3E2B0015DCDC /* UnoViewController.swift in Sources */,
				2E31816B1EBA3E540015DCDC /* DosViewController.swift in Sources */,
			);
			runOnlyForDeploymentPostprocessing = 0;
		};
		2E3181471EBA3D4C0015DCDC /* Sources */ = {
			isa = PBXSourcesBuildPhase;
			buildActionMask = 2147483647;
			files = (
				2E3181501EBA3D4C0015DCDC /* EVA3_MULTI_VIEW_A_PATINTests.swift in Sources */,
			);
			runOnlyForDeploymentPostprocessing = 0;
		};
		2E3181521EBA3D4C0015DCDC /* Sources */ = {
			isa = PBXSourcesBuildPhase;
			buildActionMask = 2147483647;
			files = (
				2E31815B1EBA3D4C0015DCDC /* EVA3_MULTI_VIEW_A_PATINUITests.swift in Sources */,
			);
			runOnlyForDeploymentPostprocessing = 0;
		};
/* End PBXSourcesBuildPhase section */

/* Begin PBXTargetDependency section */
		2E31814D1EBA3D4C0015DCDC /* PBXTargetDependency */ = {
			isa = PBXTargetDependency;
			target = 2E3181361EBA3D4B0015DCDC /* EVA3_MULTI_VIEW_A_PATIN */;
			targetProxy = 2E31814C1EBA3D4C0015DCDC /* PBXContainerItemProxy */;
		};
		2E3181581EBA3D4C0015DCDC /* PBXTargetDependency */ = {
			isa = PBXTargetDependency;
			target = 2E3181361EBA3D4B0015DCDC /* EVA3_MULTI_VIEW_A_PATIN */;
			targetProxy = 2E3181571EBA3D4C0015DCDC /* PBXContainerItemProxy */;
		};
/* End PBXTargetDependency section */

/* Begin PBXVariantGroup section */
		2E31813E1EBA3D4B0015DCDC /* Main.storyboard */ = {
			isa = PBXVariantGroup;
			children = (
				2E31813F1EBA3D4B0015DCDC /* Base */,
			);
			name = Main.storyboard;
			sourceTree = "<group>";
		};
		2E3181431EBA3D4C0015DCDC /* LaunchScreen.storyboard */ = {
			isa = PBXVariantGroup;
			children = (
				2E3181441EBA3D4C0015DCDC /* Base */,
			);
			name = LaunchScreen.storyboard;
			sourceTree = "<group>";
		};
/* End PBXVariantGroup section */

/* Begin XCBuildConfiguration section */
		2E31815D1EBA3D4C0015DCDC /* Debug */ = {
			isa = XCBuildConfiguration;
			buildSettings = {
				ALWAYS_SEARCH_USER_PATHS = NO;
				CLANG_ANALYZER_NONNULL = YES;
				CLANG_CXX_LANGUAGE_STANDARD = "gnu++0x";
				CLANG_CXX_LIBRARY = "libc++";
				CLANG_ENABLE_MODULES = YES;
				CLANG_ENABLE_OBJC_ARC = YES;
				CLANG_WARN_BOOL_CONVERSION = YES;
				CLANG_WARN_CONSTANT_CONVERSION = YES;
				CLANG_WARN_DIRECT_OBJC_ISA_USAGE = YES_ERROR;
				CLANG_WARN_EMPTY_BODY = YES;
				CLANG_WARN_ENUM_CONVERSION = YES;
				CLANG_WARN_INT_CONVERSION = YES;
				CLANG_WARN_OBJC_ROOT_CLASS = YES_ERROR;
				CLANG_WARN_UNREACHABLE_CODE = YES;
				CLANG_WARN__DUPLICATE_METHOD_MATCH = YES;
				"CODE_SIGN_IDENTITY[sdk=iphoneos*]" = "iPhone Developer";
				COPY_PHASE_STRIP = NO;
				DEBUG_INFORMATION_FORMAT = dwarf;
				ENABLE_STRICT_OBJC_MSGSEND = YES;
				ENABLE_TESTABILITY = YES;
				GCC_C_LANGUAGE_STANDARD = gnu99;
				GCC_DYNAMIC_NO_PIC = NO;
				GCC_NO_COMMON_BLOCKS = YES;
				GCC_OPTIMIZATION_LEVEL = 0;
				GCC_PREPROCESSOR_DEFINITIONS = (
					"DEBUG=1",
					"$(inherited)",
				);
				GCC_WARN_64_TO_32_BIT_CONVERSION = YES;
				GCC_WARN_ABOUT_RETURN_TYPE = YES_ERROR;
				GCC_WARN_UNDECLARED_SELECTOR = YES;
				GCC_WARN_UNINITIALIZED_AUTOS = YES_AGGRESSIVE;
				GCC_WARN_UNUSED_FUNCTION = YES;
				GCC_WARN_UNUSED_VARIABLE = YES;
				IPHONEOS_DEPLOYMENT_TARGET = 9.3;
				MTL_ENABLE_DEBUG_INFO = YES;
				ONLY_ACTIVE_ARCH = YES;
				SDKROOT = iphoneos;
				SWIFT_OPTIMIZATION_LEVEL = "-Onone";
				TARGETED_DEVICE_FAMILY = "1,2";
			};
			name = Debug;
		};
		2E31815E1EBA3D4C0015DCDC /* Release */ = {
			isa = XCBuildConfiguration;
			buildSettings = {
				ALWAYS_SEARCH_USER_PATHS = NO;
				CLANG_ANALYZER_NONNULL = YES;
				CLANG_CXX_LANGUAGE_STANDARD = "gnu++0x";
				CLANG_CXX_LIBRARY = "libc++";
				CLANG_ENABLE_MODULES = YES;
				CLANG_ENABLE_OBJC_ARC = YES;
				CLANG_WARN_BOOL_CONVERSION = YES;
				CLANG_WARN_CONSTANT_CONVERSION = YES;
				CLANG_WARN_DIRECT_OBJC_ISA_USAGE = YES_ERROR;
				CLANG_WARN_EMPTY_BODY = YES;
				CLANG_WARN_ENUM_CONVERSION = YES;
				CLANG_WARN_INT_CONVERSION = YES;
				CLANG_WARN_OBJC_ROOT_CLASS = YES_ERROR;
				CLANG_WARN_UNREACHABLE_CODE = YES;
				CLANG_WARN__DUPLICATE_METHOD_MATCH = YES;
				"CODE_SIGN_IDENTITY[sdk=iphoneos*]" = "iPhone Developer";
				COPY_PHASE_STRIP = NO;
				DEBUG_INFORMATION_FORMAT = "dwarf-with-dsym";
				ENABLE_NS_ASSERTIONS = NO;
				ENABLE_STRICT_OBJC_MSGSEND = YES;
				GCC_C_LANGUAGE_STANDARD = gnu99;
				GCC_NO_COMMON_BLOCKS = YES;
				GCC_WARN_64_TO_32_BIT_CONVERSION = YES;
				GCC_WARN_ABOUT_RETURN_TYPE = YES_ERROR;
				GCC_WARN_UNDECLARED_SELECTOR = YES;
				GCC_WARN_UNINITIALIZED_AUTOS = YES_AGGRESSIVE;
				GCC_WARN_UNUSED_FUNCTION = YES;
				GCC_WARN_UNUSED_VARIABLE = YES;
				IPHONEOS_DEPLOYMENT_TARGET = 9.3;
				MTL_ENABLE_DEBUG_INFO = NO;
				SDKROOT = iphoneos;
				TARGETED_DEVICE_FAMILY = "1,2";
				VALIDATE_PRODUCT = YES;
			};
			name = Release;
		};
		2E3181601EBA3D4C0015DCDC /* Debug */ = {
			isa = XCBuildConfiguration;
			buildSettings = {
				ASSETCATALOG_COMPILER_APPICON_NAME = AppIcon;
				INFOPLIST_FILE = EVA3_MULTI_VIEW_A_PATIN/Info.plist;
				LD_RUNPATH_SEARCH_PATHS = "$(inherited) @executable_path/Frameworks";
				PRODUCT_BUNDLE_IDENTIFIER = "com.miguel-angel.constrains.EVA3-MULTI-VIEW-A-PATIN";
				PRODUCT_NAME = "$(TARGET_NAME)";
			};
			name = Debug;
		};
		2E3181611EBA3D4C0015DCDC /* Release */ = {
			isa = XCBuildConfiguration;
			buildSettings = {
				ASSETCATALOG_COMPILER_APPICON_NAME = AppIcon;
				INFOPLIST_FILE = EVA3_MULTI_VIEW_A_PATIN/Info.plist;
				LD_RUNPATH_SEARCH_PATHS = "$(inherited) @executable_path/Frameworks";
				PRODUCT_BUNDLE_IDENTIFIER = "com.miguel-angel.constrains.EVA3-MULTI-VIEW-A-PATIN";
				PRODUCT_NAME = "$(TARGET_NAME)";
			};
			name = Release;
		};
		2E3181631EBA3D4C0015DCDC /* Debug */ = {
			isa = XCBuildConfiguration;
			buildSettings = {
				BUNDLE_LOADER = "$(TEST_HOST)";
				INFOPLIST_FILE = EVA3_MULTI_VIEW_A_PATINTests/Info.plist;
				LD_RUNPATH_SEARCH_PATHS = "$(inherited) @executable_path/Frameworks @loader_path/Frameworks";
				PRODUCT_BUNDLE_IDENTIFIER = "com.miguel-angel.constrains.EVA3-MULTI-VIEW-A-PATINTests";
				PRODUCT_NAME = "$(TARGET_NAME)";
				TEST_HOST = "$(BUILT_PRODUCTS_DIR)/EVA3_MULTI_VIEW_A_PATIN.app/EVA3_MULTI_VIEW_A_PATIN";
			};
			name = Debug;
		};
		2E3181641EBA3D4C0015DCDC /* Release */ = {
			isa = XCBuildConfiguration;
			buildSettings = {
				BUNDLE_LOADER = "$(TEST_HOST)";
				INFOPLIST_FILE = EVA3_MULTI_VIEW_A_PATINTests/Info.plist;
				LD_RUNPATH_SEARCH_PATHS = "$(inherited) @executable_path/Frameworks @loader_path/Frameworks";
				PRODUCT_BUNDLE_IDENTIFIER = "com.miguel-angel.constrains.EVA3-MULTI-VIEW-A-PATINTests";
				PRODUCT_NAME = "$(TARGET_NAME)";
				TEST_HOST = "$(BUILT_PRODUCTS_DIR)/EVA3_MULTI_VIEW_A_PATIN.app/EVA3_MULTI_VIEW_A_PATIN";
			};
			name = Release;
		};
		2E3181661EBA3D4C0015DCDC /* Debug */ = {
			isa = XCBuildConfiguration;
			buildSettings = {
				INFOPLIST_FILE = EVA3_MULTI_VIEW_A_PATINUITests/Info.plist;
				LD_RUNPATH_SEARCH_PATHS = "$(inherited) @executable_path/Frameworks @loader_path/Frameworks";
				PRODUCT_BUNDLE_IDENTIFIER = "com.miguel-angel.constrains.EVA3-MULTI-VIEW-A-PATINUITests";
				PRODUCT_NAME = "$(TARGET_NAME)";
				TEST_TARGET_NAME = EVA3_MULTI_VIEW_A_PATIN;
			};
			name = Debug;
		};
		2E3181671EBA3D4C0015DCDC /* Release */ = {
			isa = XCBuildConfiguration;
			buildSettings = {
				INFOPLIST_FILE = EVA3_MULTI_VIEW_A_PATINUITests/Info.plist;
				LD_RUNPATH_SEARCH_PATHS = "$(inherited) @executable_path/Frameworks @loader_path/Frameworks";
				PRODUCT_BUNDLE_IDENTIFIER = "com.miguel-angel.constrains.EVA3-MULTI-VIEW-A-PATINUITests";
				PRODUCT_NAME = "$(TARGET_NAME)";
				TEST_TARGET_NAME = EVA3_MULTI_VIEW_A_PATIN;
			};
			name = Release;
		};
/* End XCBuildConfiguration section */

/* Begin XCConfigurationList section */
		2E3181321EBA3D4B0015DCDC /* Build configuration list for PBXProject "EVA3_MULTI_VIEW_A_PATIN" */ = {
			isa = XCConfigurationList;
			buildConfigurations = (
				2E31815D1EBA3D4C0015DCDC /* Debug */,
				2E31815E1EBA3D4C0015DCDC /* Release */,
			);
			defaultConfigurationIsVisible = 0;
			defaultConfigurationName = Release;
		};
		2E31815F1EBA3D4C0015DCDC /* Build configuration list for PBXNativeTarget "EVA3_MULTI_VIEW_A_PATIN" */ = {
			isa = XCConfigurationList;
			buildConfigurations = (
				2E3181601EBA3D4C0015DCDC /* Debug */,
				2E3181611EBA3D4C0015DCDC /* Release */,
			);
			defaultConfigurationIsVisible = 0;
		};
		2E3181621EBA3D4C0015DCDC /* Build configuration list for PBXNativeTarget "EVA3_MULTI_VIEW_A_PATINTests" */ = {
			isa = XCConfigurationList;
			buildConfigurations = (
				2E3181631EBA3D4C0015DCDC /* Debug */,
				2E3181641EBA3D4C0015DCDC /* Release */,
			);
			defaultConfigurationIsVisible = 0;
		};
		2E3181651EBA3D4C0015DCDC /* Build configuration list for PBXNativeTarget "EVA3_MULTI_VIEW_A_PATINUITests" */ = {
			isa = XCConfigurationList;
			buildConfigurations = (
				2E3181661EBA3D4C0015DCDC /* Debug */,
				2E3181671EBA3D4C0015DCDC /* Release */,
			);
			defaultConfigurationIsVisible = 0;
		};
/* End XCConfigurationList section */
	};
	rootObject = 2E31812F1EBA3D4B0015DCDC /* Project object */;
}
